// !$*UTF8*$!
{
	archiveVersion = 1;
	classes = {
	};
	objectVersion = 46;
	objects = {

/* Begin PBXBuildFile section */
		00E356F31AD99517003FC87E /* LBShoppingAppTests.m in Sources */ = {isa = PBXBuildFile; fileRef = 00E356F21AD99517003FC87E /* LBShoppingAppTests.m */; };
		09CA180D14D54ABFA7105D99 /* SF-Pro-Display-RegularItalic.otf in Resources */ = {isa = PBXBuildFile; fileRef = D2FAC45F6EBB469EA9864592 /* SF-Pro-Display-RegularItalic.otf */; };
		13B07FBC1A68108700A75B9A /* AppDelegate.m in Sources */ = {isa = PBXBuildFile; fileRef = 13B07FB01A68108700A75B9A /* AppDelegate.m */; };
		13B07FBD1A68108700A75B9A /* LaunchScreen.xib in Resources */ = {isa = PBXBuildFile; fileRef = 13B07FB11A68108700A75B9A /* LaunchScreen.xib */; };
		13B07FBF1A68108700A75B9A /* Images.xcassets in Resources */ = {isa = PBXBuildFile; fileRef = 13B07FB51A68108700A75B9A /* Images.xcassets */; };
		13B07FC11A68108700A75B9A /* main.m in Sources */ = {isa = PBXBuildFile; fileRef = 13B07FB71A68108700A75B9A /* main.m */; };
		148FCCFA9BEA49EE8BBE9CEA /* SF-Pro-Display-Heavy.otf in Resources */ = {isa = PBXBuildFile; fileRef = F13393C540544F5DAA36D5FB /* SF-Pro-Display-Heavy.otf */; };
		14F954880A3449B592BE6A21 /* SF-Pro-Display-Thin.otf in Resources */ = {isa = PBXBuildFile; fileRef = 160E6F9583FD4AB3A13726AC /* SF-Pro-Display-Thin.otf */; };
		150245D786684663AC1CD94F /* SF-Pro-Display-Semibold.otf in Resources */ = {isa = PBXBuildFile; fileRef = E17C8E0C2FD94FD297CB4177 /* SF-Pro-Display-Semibold.otf */; };
		16F8A7089C8E497BA7BC240F /* SF-Pro-Display-LightItalic.otf in Resources */ = {isa = PBXBuildFile; fileRef = 9251F343D1F6491B89C64BF3 /* SF-Pro-Display-LightItalic.otf */; };
		1C1D2537053B43199FA2D954 /* Montserrat-ExtraLightItalic.ttf in Resources */ = {isa = PBXBuildFile; fileRef = 17ED43ED157645B69D7F3964 /* Montserrat-ExtraLightItalic.ttf */; };
		1E7A581E175E4F5E81274AFA /* Montserrat-SemiBold.ttf in Resources */ = {isa = PBXBuildFile; fileRef = FFA0F87A1E084D40A4FCB20F /* Montserrat-SemiBold.ttf */; };
		20F6DCB6FB0BB4E4B9521476 /* libPods-LBShoppingApp-LBShoppingAppTests.a in Frameworks */ = {isa = PBXBuildFile; fileRef = D5117D9204B004AD25615841 /* libPods-LBShoppingApp-LBShoppingAppTests.a */; };
		23363B2E195C4B07BFE21807 /* Avenir-Medium.ttf in Resources */ = {isa = PBXBuildFile; fileRef = B25D7BA00F9A43CDB3446E6F /* Avenir-Medium.ttf */; };
		23FE6DE5D45BCD4637D8C6A0 /* libPods-LBShoppingApp-tvOSTests.a in Frameworks */ = {isa = PBXBuildFile; fileRef = CED7D6C6C4E9D3E1381F7C33 /* libPods-LBShoppingApp-tvOSTests.a */; };
		25C6A1D8906E4BF5A6EA01CB /* Avenir-Heavy.ttf in Resources */ = {isa = PBXBuildFile; fileRef = CA0F24EDA1D544B999B8FA53 /* Avenir-Heavy.ttf */; };
		2B449724CDD14B2B9F68444D /* Montserrat-Black.ttf in Resources */ = {isa = PBXBuildFile; fileRef = EFD99EF898A24DE0A1003FDF /* Montserrat-Black.ttf */; };
		2D02E4BC1E0B4A80006451C7 /* AppDelegate.m in Sources */ = {isa = PBXBuildFile; fileRef = 13B07FB01A68108700A75B9A /* AppDelegate.m */; };
		2D02E4BD1E0B4A84006451C7 /* Images.xcassets in Resources */ = {isa = PBXBuildFile; fileRef = 13B07FB51A68108700A75B9A /* Images.xcassets */; };
		2D02E4BF1E0B4AB3006451C7 /* main.m in Sources */ = {isa = PBXBuildFile; fileRef = 13B07FB71A68108700A75B9A /* main.m */; };
		2DCD954D1E0B4F2C00145EB5 /* LBShoppingAppTests.m in Sources */ = {isa = PBXBuildFile; fileRef = 00E356F21AD99517003FC87E /* LBShoppingAppTests.m */; };
		3353174E6C364AA5A169819A /* sans-serif.ttf in Resources */ = {isa = PBXBuildFile; fileRef = 6D254F0E641943DBAB903DC7 /* sans-serif.ttf */; };
		348312F4FF16483CB96850B9 /* Avenir.ttc in Resources */ = {isa = PBXBuildFile; fileRef = A63DAC39731F4FEBB19F8BA7 /* Avenir.ttc */; };
		38720F43A02348EDAD8689A1 /* Montserrat-Light.ttf in Resources */ = {isa = PBXBuildFile; fileRef = E1192D4D2A85445B8591783F /* Montserrat-Light.ttf */; };
		3F8CD13B211F45AB92347621 /* Montserrat-ExtraBold.ttf in Resources */ = {isa = PBXBuildFile; fileRef = 7B5D2022421746F98A230413 /* Montserrat-ExtraBold.ttf */; };
		402C1A5C4F2F41B4AF476FD1 /* Avenir-Book.ttf in Resources */ = {isa = PBXBuildFile; fileRef = 77783304007843A087F4CC1D /* Avenir-Book.ttf */; };
		4643BE3082F24A42B3735990 /* Montserrat-LightItalic.ttf in Resources */ = {isa = PBXBuildFile; fileRef = 7D35536539554CD0B4D63712 /* Montserrat-LightItalic.ttf */; };
		46586D51D13D99E5FC977EB5 /* libPods-LBShoppingApp-tvOS.a in Frameworks */ = {isa = PBXBuildFile; fileRef = 45493BC6D9D7CDC99AAC249A /* libPods-LBShoppingApp-tvOS.a */; };
		46F9829C61164ED3B76E8859 /* Montserrat-ExtraBoldItalic.ttf in Resources */ = {isa = PBXBuildFile; fileRef = 523F1AD783304A8DAF420268 /* Montserrat-ExtraBoldItalic.ttf */; };
		4866E1198E8C49158E230B1C /* Montserrat-Italic.ttf in Resources */ = {isa = PBXBuildFile; fileRef = 86581A0999CE486DAFE56944 /* Montserrat-Italic.ttf */; };
		4920D97DBF1548FB81CE6566 /* Avenir-Roman.ttf in Resources */ = {isa = PBXBuildFile; fileRef = BC51FA7B5D4A468289197123 /* Avenir-Roman.ttf */; };
		49DA8FAA720F43BABD01C335 /* Montserrat-ExtraLight.ttf in Resources */ = {isa = PBXBuildFile; fileRef = 0EA0E902F97B4D0185069BB9 /* Montserrat-ExtraLight.ttf */; };
		4B3C557D6A1C4286B65EF327 /* Arial.ttf in Resources */ = {isa = PBXBuildFile; fileRef = EE4662224B5A42F59FFDA4BF /* Arial.ttf */; };
		58B39F895623472595CDE01C /* SF-Pro-Display-Black.otf in Resources */ = {isa = PBXBuildFile; fileRef = CA387B091CB845DA8A8249BD /* SF-Pro-Display-Black.otf */; };
		5A56BA66B34B4E7D84DCFAFE /* Montserrat-Thin.ttf in Resources */ = {isa = PBXBuildFile; fileRef = DC091FAE73134514BC05C841 /* Montserrat-Thin.ttf */; };
		5DC0B8A3A43A4C29AF29BC30 /* Montserrat-Medium.ttf in Resources */ = {isa = PBXBuildFile; fileRef = 1F0C940B61264D20B23B8267 /* Montserrat-Medium.ttf */; };
		6707A74E651B4382BC719DBB /* Montserrat-Bold.ttf in Resources */ = {isa = PBXBuildFile; fileRef = 005DCA802DF845EFA717D972 /* Montserrat-Bold.ttf */; };
		67DC2F22E0FE41438C54B34C /* Avenir-Black.ttf in Resources */ = {isa = PBXBuildFile; fileRef = 2745A0D832E4434FA7093E30 /* Avenir-Black.ttf */; };
		6AA9DEE82DFA4051A3BFF065 /* Avenir-MediumOblique.ttf in Resources */ = {isa = PBXBuildFile; fileRef = CA6D637DCA58497082C42C96 /* Avenir-MediumOblique.ttf */; };
		6C453F1774874C5A9639AD29 /* Avenir-BlackOblique.ttf in Resources */ = {isa = PBXBuildFile; fileRef = FC11E22506034425BBD2AF5C /* Avenir-BlackOblique.ttf */; };
		6FD48545E82E4A7ABBB50AF2 /* Verdana.ttf in Resources */ = {isa = PBXBuildFile; fileRef = 125910B40BC44E099ECD8330 /* Verdana.ttf */; };
		73E92D191A9B4EBBB7E7DE9B /* Avenir-Oblique.ttf in Resources */ = {isa = PBXBuildFile; fileRef = 0BAAA7A418B2406999F61C85 /* Avenir-Oblique.ttf */; };
		753DC4A575F44055A8EE2977 /* SF-Pro-Display-ThinItalic.otf in Resources */ = {isa = PBXBuildFile; fileRef = AC5CEA592EB049CF945C1F1C /* SF-Pro-Display-ThinItalic.otf */; };
		76C2C70405E948E99791AB39 /* Avenir-HeavyOblique.ttf in Resources */ = {isa = PBXBuildFile; fileRef = E3821114C9964CA099377B88 /* Avenir-HeavyOblique.ttf */; };
		7A09D685A8774E9A9C2EA1BB /* Montserrat-ThinItalic.ttf in Resources */ = {isa = PBXBuildFile; fileRef = EEC769731C584E6E817840D6 /* Montserrat-ThinItalic.ttf */; };
		82B3918B0C91484AA3C81B11 /* Avenir-Light.ttf in Resources */ = {isa = PBXBuildFile; fileRef = E849BE11737248F9B98C789F /* Avenir-Light.ttf */; };
		92ED0A584E6042B8B73C2D6F /* SF-Pro-Display-UltralightItalic.otf in Resources */ = {isa = PBXBuildFile; fileRef = 2788B33BF45449C58299ACD5 /* SF-Pro-Display-UltralightItalic.otf */; };
		97FF87814D88494D94441DF0 /* Avenir-BookOblique.ttf in Resources */ = {isa = PBXBuildFile; fileRef = FEF30C830CC9439BAC39AEB1 /* Avenir-BookOblique.ttf */; };
		98277CF02FC14C5D8387566F /* Helvetica.ttf in Resources */ = {isa = PBXBuildFile; fileRef = A55987F277A144808FFCF787 /* Helvetica.ttf */; };
		A82DEDB9076645259FEEF724 /* SF-Pro-Display-SemiboldItalic.otf in Resources */ = {isa = PBXBuildFile; fileRef = 0E0D36A6CBA944419000CB84 /* SF-Pro-Display-SemiboldItalic.otf */; };
		A919971CA4A6488B9761EAD9 /* Montserrat-Regular.ttf in Resources */ = {isa = PBXBuildFile; fileRef = 8726249CB1CE4555B6D0B946 /* Montserrat-Regular.ttf */; };
		AEBB037BC92A4F309645A975 /* SF-Pro-Display-BoldItalic.otf in Resources */ = {isa = PBXBuildFile; fileRef = 1D130853D11A489984B46986 /* SF-Pro-Display-BoldItalic.otf */; };
		B4B5BA115D3A49A097FC0B8E /* SF-Pro-Display-HeavyItalic.otf in Resources */ = {isa = PBXBuildFile; fileRef = F6F9A92A965C48A39B16FF07 /* SF-Pro-Display-HeavyItalic.otf */; };
		B8F4E5DF99EC44AF8F6F36A8 /* Avenir-LightOblique.ttf in Resources */ = {isa = PBXBuildFile; fileRef = 993C1D40355E4A90B79B11BE /* Avenir-LightOblique.ttf */; };
		B9DAA83C763645D580F5A879 /* SF-Pro-Display-Medium.otf in Resources */ = {isa = PBXBuildFile; fileRef = AF5A3421B3E947E3BF16DB4A /* SF-Pro-Display-Medium.otf */; };
		BDAA607435574E54AE9404E8 /* SF-Pro-Display-BlackItalic.otf in Resources */ = {isa = PBXBuildFile; fileRef = 9341B9D1CC204300A64AF735 /* SF-Pro-Display-BlackItalic.otf */; };
		CCE8D251C32948BDACB57B27 /* SF-Pro-Display-Ultralight.otf in Resources */ = {isa = PBXBuildFile; fileRef = 3D2EF7ED6FF74DDCAAF80D13 /* SF-Pro-Display-Ultralight.otf */; };
		CEA6374B1EB745E4A3295476 /* SF-Pro-Display-Light.otf in Resources */ = {isa = PBXBuildFile; fileRef = 2A5FFF4A35264F0E9F87B77C /* SF-Pro-Display-Light.otf */; };
		D37D022AF7BE4B6DBA2AEEE0 /* Tahoma.TTF in Resources */ = {isa = PBXBuildFile; fileRef = 8B3840C25E8447A987EF50E3 /* Tahoma.TTF */; };
		D49CF302508C4CF3ADA3B103 /* Montserrat-SemiBoldItalic.ttf in Resources */ = {isa = PBXBuildFile; fileRef = 21FAA517CA4F4A529DE44618 /* Montserrat-SemiBoldItalic.ttf */; };
		D659EECFF1D4424982D59580 /* Montserrat-BlackItalic.ttf in Resources */ = {isa = PBXBuildFile; fileRef = AAA5848E0822485A8639302E /* Montserrat-BlackItalic.ttf */; };
		DA443769041F7EF99F686612 /* libPods-LBShoppingApp.a in Frameworks */ = {isa = PBXBuildFile; fileRef = CE3EFDA2BB1820CE7F861E8A /* libPods-LBShoppingApp.a */; };
		DAA8B0FF7A8D46158E60E83F /* SF-Pro-Display-MediumItalic.otf in Resources */ = {isa = PBXBuildFile; fileRef = 4CC511D9ECA84A0696637D1A /* SF-Pro-Display-MediumItalic.otf */; };
		DF842D82791E45C7AE41C713 /* SF-Pro-Display-Bold.otf in Resources */ = {isa = PBXBuildFile; fileRef = D6C49B5519FB4A5690F30F5F /* SF-Pro-Display-Bold.otf */; };
		F0E3C6A2CC1C402CA3569B55 /* SF-Pro-Display-Regular.otf in Resources */ = {isa = PBXBuildFile; fileRef = 3F3FB3F270E14A379F14CD05 /* SF-Pro-Display-Regular.otf */; };
		F330CDB923AA4FCFB089C42F /* Montserrat-BoldItalic.ttf in Resources */ = {isa = PBXBuildFile; fileRef = 4B88EBF5FB62466E944C4AAE /* Montserrat-BoldItalic.ttf */; };
		FA402E4789E44A5CBDE15F22 /* Montserrat-MediumItalic.ttf in Resources */ = {isa = PBXBuildFile; fileRef = 429910F111CD49259F2D5D1C /* Montserrat-MediumItalic.ttf */; };
		44DDCE8E02E244ACBDCBC3DE /* Arial, Helvetica, Verdana, Tahoma, sans-serif.ttf in Resources */ = {isa = PBXBuildFile; fileRef = F0523E0B1C9949EA92AEE94B /* Arial, Helvetica, Verdana, Tahoma, sans-serif.ttf */; };
/* End PBXBuildFile section */

/* Begin PBXContainerItemProxy section */
		00E356F41AD99517003FC87E /* PBXContainerItemProxy */ = {
			isa = PBXContainerItemProxy;
			containerPortal = 83CBB9F71A601CBA00E9B192 /* Project object */;
			proxyType = 1;
			remoteGlobalIDString = 13B07F861A680F5B00A75B9A;
			remoteInfo = LBShoppingApp;
		};
		2D02E4911E0B4A5D006451C7 /* PBXContainerItemProxy */ = {
			isa = PBXContainerItemProxy;
			containerPortal = 83CBB9F71A601CBA00E9B192 /* Project object */;
			proxyType = 1;
			remoteGlobalIDString = 2D02E47A1E0B4A5D006451C7;
			remoteInfo = "LBShoppingApp-tvOS";
		};
/* End PBXContainerItemProxy section */

/* Begin PBXFileReference section */
		0050920CCB743D8325288C22 /* Pods-LBShoppingApp-tvOSTests.debug.xcconfig */ = {isa = PBXFileReference; includeInIndex = 1; lastKnownFileType = text.xcconfig; name = "Pods-LBShoppingApp-tvOSTests.debug.xcconfig"; path = "Target Support Files/Pods-LBShoppingApp-tvOSTests/Pods-LBShoppingApp-tvOSTests.debug.xcconfig"; sourceTree = "<group>"; };
		005DCA802DF845EFA717D972 /* Montserrat-Bold.ttf */ = {isa = PBXFileReference; explicitFileType = undefined; fileEncoding = 9; includeInIndex = 0; lastKnownFileType = unknown; name = "Montserrat-Bold.ttf"; path = "../assets/fonts/Montserrat-Bold.ttf"; sourceTree = "<group>"; };
		008F07F21AC5B25A0029DE68 /* main.jsbundle */ = {isa = PBXFileReference; fileEncoding = 4; lastKnownFileType = text; path = main.jsbundle; sourceTree = "<group>"; };
		00E356EE1AD99517003FC87E /* LBShoppingAppTests.xctest */ = {isa = PBXFileReference; explicitFileType = wrapper.cfbundle; includeInIndex = 0; path = LBShoppingAppTests.xctest; sourceTree = BUILT_PRODUCTS_DIR; };
		00E356F11AD99517003FC87E /* Info.plist */ = {isa = PBXFileReference; lastKnownFileType = text.plist.xml; path = Info.plist; sourceTree = "<group>"; };
		00E356F21AD99517003FC87E /* LBShoppingAppTests.m */ = {isa = PBXFileReference; lastKnownFileType = sourcecode.c.objc; path = LBShoppingAppTests.m; sourceTree = "<group>"; };
		04B092DB1E2B4E3BAD5967EE /* Foundation.ttf */ = {isa = PBXFileReference; explicitFileType = undefined; fileEncoding = 9; includeInIndex = 0; lastKnownFileType = unknown; name = Foundation.ttf; path = "../node_modules/react-native-vector-icons/Fonts/Foundation.ttf"; sourceTree = "<group>"; };
		0BAAA7A418B2406999F61C85 /* Avenir-Oblique.ttf */ = {isa = PBXFileReference; explicitFileType = undefined; fileEncoding = 9; includeInIndex = 0; lastKnownFileType = unknown; name = "Avenir-Oblique.ttf"; path = "../assets/fonts/Avenir-Oblique.ttf"; sourceTree = "<group>"; };
		0E0D36A6CBA944419000CB84 /* SF-Pro-Display-SemiboldItalic.otf */ = {isa = PBXFileReference; explicitFileType = undefined; fileEncoding = 9; includeInIndex = 0; lastKnownFileType = unknown; name = "SF-Pro-Display-SemiboldItalic.otf"; path = "../assets/fonts/SF-Pro-Display-SemiboldItalic.otf"; sourceTree = "<group>"; };
		0EA0E902F97B4D0185069BB9 /* Montserrat-ExtraLight.ttf */ = {isa = PBXFileReference; explicitFileType = undefined; fileEncoding = 9; includeInIndex = 0; lastKnownFileType = unknown; name = "Montserrat-ExtraLight.ttf"; path = "../assets/fonts/Montserrat-ExtraLight.ttf"; sourceTree = "<group>"; };
		1161338C4EA04434ABB58FBF /* FontAwesome5_Solid.ttf */ = {isa = PBXFileReference; explicitFileType = undefined; fileEncoding = 9; includeInIndex = 0; lastKnownFileType = unknown; name = FontAwesome5_Solid.ttf; path = "../node_modules/react-native-vector-icons/Fonts/FontAwesome5_Solid.ttf"; sourceTree = "<group>"; };
		125910B40BC44E099ECD8330 /* Verdana.ttf */ = {isa = PBXFileReference; explicitFileType = undefined; fileEncoding = 9; includeInIndex = 0; lastKnownFileType = unknown; name = Verdana.ttf; path = ../assets/fonts/Verdana.ttf; sourceTree = "<group>"; };
		12C08B6199D1E73ACF2471E1 /* Pods-LBShoppingApp-LBShoppingAppTests.release.xcconfig */ = {isa = PBXFileReference; includeInIndex = 1; lastKnownFileType = text.xcconfig; name = "Pods-LBShoppingApp-LBShoppingAppTests.release.xcconfig"; path = "Target Support Files/Pods-LBShoppingApp-LBShoppingAppTests/Pods-LBShoppingApp-LBShoppingAppTests.release.xcconfig"; sourceTree = "<group>"; };
		13B07F961A680F5B00A75B9A /* LBShoppingApp.app */ = {isa = PBXFileReference; explicitFileType = wrapper.application; includeInIndex = 0; path = LBShoppingApp.app; sourceTree = BUILT_PRODUCTS_DIR; };
		13B07FAF1A68108700A75B9A /* AppDelegate.h */ = {isa = PBXFileReference; fileEncoding = 4; lastKnownFileType = sourcecode.c.h; name = AppDelegate.h; path = LBShoppingApp/AppDelegate.h; sourceTree = "<group>"; };
		13B07FB01A68108700A75B9A /* AppDelegate.m */ = {isa = PBXFileReference; fileEncoding = 4; lastKnownFileType = sourcecode.c.objc; name = AppDelegate.m; path = LBShoppingApp/AppDelegate.m; sourceTree = "<group>"; };
		13B07FB21A68108700A75B9A /* Base */ = {isa = PBXFileReference; lastKnownFileType = file.xib; name = Base; path = Base.lproj/LaunchScreen.xib; sourceTree = "<group>"; };
		13B07FB51A68108700A75B9A /* Images.xcassets */ = {isa = PBXFileReference; lastKnownFileType = folder.assetcatalog; name = Images.xcassets; path = LBShoppingApp/Images.xcassets; sourceTree = "<group>"; };
		13B07FB61A68108700A75B9A /* Info.plist */ = {isa = PBXFileReference; fileEncoding = 4; lastKnownFileType = text.plist.xml; name = Info.plist; path = LBShoppingApp/Info.plist; sourceTree = "<group>"; };
		13B07FB71A68108700A75B9A /* main.m */ = {isa = PBXFileReference; fileEncoding = 4; lastKnownFileType = sourcecode.c.objc; name = main.m; path = LBShoppingApp/main.m; sourceTree = "<group>"; };
		160E6F9583FD4AB3A13726AC /* SF-Pro-Display-Thin.otf */ = {isa = PBXFileReference; explicitFileType = undefined; fileEncoding = 9; includeInIndex = 0; lastKnownFileType = unknown; name = "SF-Pro-Display-Thin.otf"; path = "../assets/fonts/SF-Pro-Display-Thin.otf"; sourceTree = "<group>"; };
		17ED43ED157645B69D7F3964 /* Montserrat-ExtraLightItalic.ttf */ = {isa = PBXFileReference; explicitFileType = undefined; fileEncoding = 9; includeInIndex = 0; lastKnownFileType = unknown; name = "Montserrat-ExtraLightItalic.ttf"; path = "../assets/fonts/Montserrat-ExtraLightItalic.ttf"; sourceTree = "<group>"; };
		1D130853D11A489984B46986 /* SF-Pro-Display-BoldItalic.otf */ = {isa = PBXFileReference; explicitFileType = undefined; fileEncoding = 9; includeInIndex = 0; lastKnownFileType = unknown; name = "SF-Pro-Display-BoldItalic.otf"; path = "../assets/fonts/SF-Pro-Display-BoldItalic.otf"; sourceTree = "<group>"; };
		1F0C940B61264D20B23B8267 /* Montserrat-Medium.ttf */ = {isa = PBXFileReference; explicitFileType = undefined; fileEncoding = 9; includeInIndex = 0; lastKnownFileType = unknown; name = "Montserrat-Medium.ttf"; path = "../assets/fonts/Montserrat-Medium.ttf"; sourceTree = "<group>"; };
		1FB52DDDF15F6AD327CD20E0 /* Pods-LBShoppingApp-tvOS.release.xcconfig */ = {isa = PBXFileReference; includeInIndex = 1; lastKnownFileType = text.xcconfig; name = "Pods-LBShoppingApp-tvOS.release.xcconfig"; path = "Target Support Files/Pods-LBShoppingApp-tvOS/Pods-LBShoppingApp-tvOS.release.xcconfig"; sourceTree = "<group>"; };
		21FAA517CA4F4A529DE44618 /* Montserrat-SemiBoldItalic.ttf */ = {isa = PBXFileReference; explicitFileType = undefined; fileEncoding = 9; includeInIndex = 0; lastKnownFileType = unknown; name = "Montserrat-SemiBoldItalic.ttf"; path = "../assets/fonts/Montserrat-SemiBoldItalic.ttf"; sourceTree = "<group>"; };
		2745A0D832E4434FA7093E30 /* Avenir-Black.ttf */ = {isa = PBXFileReference; explicitFileType = undefined; fileEncoding = 9; includeInIndex = 0; lastKnownFileType = unknown; name = "Avenir-Black.ttf"; path = "../assets/fonts/Avenir-Black.ttf"; sourceTree = "<group>"; };
		2788B33BF45449C58299ACD5 /* SF-Pro-Display-UltralightItalic.otf */ = {isa = PBXFileReference; explicitFileType = undefined; fileEncoding = 9; includeInIndex = 0; lastKnownFileType = unknown; name = "SF-Pro-Display-UltralightItalic.otf"; path = "../assets/fonts/SF-Pro-Display-UltralightItalic.otf"; sourceTree = "<group>"; };
		2A5FFF4A35264F0E9F87B77C /* SF-Pro-Display-Light.otf */ = {isa = PBXFileReference; explicitFileType = undefined; fileEncoding = 9; includeInIndex = 0; lastKnownFileType = unknown; name = "SF-Pro-Display-Light.otf"; path = "../assets/fonts/SF-Pro-Display-Light.otf"; sourceTree = "<group>"; };
		2A7389F78E474677B13987ED /* Entypo.ttf */ = {isa = PBXFileReference; explicitFileType = undefined; fileEncoding = 9; includeInIndex = 0; lastKnownFileType = unknown; name = Entypo.ttf; path = "../node_modules/react-native-vector-icons/Fonts/Entypo.ttf"; sourceTree = "<group>"; };
		2D02E47B1E0B4A5D006451C7 /* LBShoppingApp-tvOS.app */ = {isa = PBXFileReference; explicitFileType = wrapper.application; includeInIndex = 0; path = "LBShoppingApp-tvOS.app"; sourceTree = BUILT_PRODUCTS_DIR; };
		2D02E4901E0B4A5D006451C7 /* LBShoppingApp-tvOSTests.xctest */ = {isa = PBXFileReference; explicitFileType = wrapper.cfbundle; includeInIndex = 0; path = "LBShoppingApp-tvOSTests.xctest"; sourceTree = BUILT_PRODUCTS_DIR; };
		31430193ACC54490AB556D74 /* EvilIcons.ttf */ = {isa = PBXFileReference; explicitFileType = undefined; fileEncoding = 9; includeInIndex = 0; lastKnownFileType = unknown; name = EvilIcons.ttf; path = "../node_modules/react-native-vector-icons/Fonts/EvilIcons.ttf"; sourceTree = "<group>"; };
		33DD7C04318DCF42941096DE /* Pods-LBShoppingApp-tvOSTests.release.xcconfig */ = {isa = PBXFileReference; includeInIndex = 1; lastKnownFileType = text.xcconfig; name = "Pods-LBShoppingApp-tvOSTests.release.xcconfig"; path = "Target Support Files/Pods-LBShoppingApp-tvOSTests/Pods-LBShoppingApp-tvOSTests.release.xcconfig"; sourceTree = "<group>"; };
		356EBB2750F56D57F85DFFA7 /* Pods-LBShoppingApp.release.xcconfig */ = {isa = PBXFileReference; includeInIndex = 1; lastKnownFileType = text.xcconfig; name = "Pods-LBShoppingApp.release.xcconfig"; path = "Target Support Files/Pods-LBShoppingApp/Pods-LBShoppingApp.release.xcconfig"; sourceTree = "<group>"; };
		3712140AC27F4CB7A8CB42E1 /* FontAwesome5_Regular.ttf */ = {isa = PBXFileReference; explicitFileType = undefined; fileEncoding = 9; includeInIndex = 0; lastKnownFileType = unknown; name = FontAwesome5_Regular.ttf; path = "../node_modules/react-native-vector-icons/Fonts/FontAwesome5_Regular.ttf"; sourceTree = "<group>"; };
		3D2EF7ED6FF74DDCAAF80D13 /* SF-Pro-Display-Ultralight.otf */ = {isa = PBXFileReference; explicitFileType = undefined; fileEncoding = 9; includeInIndex = 0; lastKnownFileType = unknown; name = "SF-Pro-Display-Ultralight.otf"; path = "../assets/fonts/SF-Pro-Display-Ultralight.otf"; sourceTree = "<group>"; };
		3F3FB3F270E14A379F14CD05 /* SF-Pro-Display-Regular.otf */ = {isa = PBXFileReference; explicitFileType = undefined; fileEncoding = 9; includeInIndex = 0; lastKnownFileType = unknown; name = "SF-Pro-Display-Regular.otf"; path = "../assets/fonts/SF-Pro-Display-Regular.otf"; sourceTree = "<group>"; };
		40A642C93E534D23852A2503 /* Zocial.ttf */ = {isa = PBXFileReference; explicitFileType = undefined; fileEncoding = 9; includeInIndex = 0; lastKnownFileType = unknown; name = Zocial.ttf; path = "../node_modules/react-native-vector-icons/Fonts/Zocial.ttf"; sourceTree = "<group>"; };
		429910F111CD49259F2D5D1C /* Montserrat-MediumItalic.ttf */ = {isa = PBXFileReference; explicitFileType = undefined; fileEncoding = 9; includeInIndex = 0; lastKnownFileType = unknown; name = "Montserrat-MediumItalic.ttf"; path = "../assets/fonts/Montserrat-MediumItalic.ttf"; sourceTree = "<group>"; };
		45493BC6D9D7CDC99AAC249A /* libPods-LBShoppingApp-tvOS.a */ = {isa = PBXFileReference; explicitFileType = archive.ar; includeInIndex = 0; path = "libPods-LBShoppingApp-tvOS.a"; sourceTree = BUILT_PRODUCTS_DIR; };
		4B88EBF5FB62466E944C4AAE /* Montserrat-BoldItalic.ttf */ = {isa = PBXFileReference; explicitFileType = undefined; fileEncoding = 9; includeInIndex = 0; lastKnownFileType = unknown; name = "Montserrat-BoldItalic.ttf"; path = "../assets/fonts/Montserrat-BoldItalic.ttf"; sourceTree = "<group>"; };
		4CC511D9ECA84A0696637D1A /* SF-Pro-Display-MediumItalic.otf */ = {isa = PBXFileReference; explicitFileType = undefined; fileEncoding = 9; includeInIndex = 0; lastKnownFileType = unknown; name = "SF-Pro-Display-MediumItalic.otf"; path = "../assets/fonts/SF-Pro-Display-MediumItalic.otf"; sourceTree = "<group>"; };
		4E4E2CA2859BAAFB3CFE389D /* Pods-LBShoppingApp.debug.xcconfig */ = {isa = PBXFileReference; includeInIndex = 1; lastKnownFileType = text.xcconfig; name = "Pods-LBShoppingApp.debug.xcconfig"; path = "Target Support Files/Pods-LBShoppingApp/Pods-LBShoppingApp.debug.xcconfig"; sourceTree = "<group>"; };
		523F1AD783304A8DAF420268 /* Montserrat-ExtraBoldItalic.ttf */ = {isa = PBXFileReference; explicitFileType = undefined; fileEncoding = 9; includeInIndex = 0; lastKnownFileType = unknown; name = "Montserrat-ExtraBoldItalic.ttf"; path = "../assets/fonts/Montserrat-ExtraBoldItalic.ttf"; sourceTree = "<group>"; };
		596D5E64ACBBBFF489793F84 /* Pods-LBShoppingApp-tvOS.debug.xcconfig */ = {isa = PBXFileReference; includeInIndex = 1; lastKnownFileType = text.xcconfig; name = "Pods-LBShoppingApp-tvOS.debug.xcconfig"; path = "Target Support Files/Pods-LBShoppingApp-tvOS/Pods-LBShoppingApp-tvOS.debug.xcconfig"; sourceTree = "<group>"; };
		5C0B9CEBF52146B3B727D693 /* FontAwesome5_Brands.ttf */ = {isa = PBXFileReference; explicitFileType = undefined; fileEncoding = 9; includeInIndex = 0; lastKnownFileType = unknown; name = FontAwesome5_Brands.ttf; path = "../node_modules/react-native-vector-icons/Fonts/FontAwesome5_Brands.ttf"; sourceTree = "<group>"; };
		5DC65634403543B6A6B0AFD4 /* Octicons.ttf */ = {isa = PBXFileReference; explicitFileType = undefined; fileEncoding = 9; includeInIndex = 0; lastKnownFileType = unknown; name = Octicons.ttf; path = "../node_modules/react-native-vector-icons/Fonts/Octicons.ttf"; sourceTree = "<group>"; };
		6D254F0E641943DBAB903DC7 /* sans-serif.ttf */ = {isa = PBXFileReference; explicitFileType = undefined; fileEncoding = 9; includeInIndex = 0; lastKnownFileType = unknown; name = "sans-serif.ttf"; path = "../assets/fonts/sans-serif.ttf"; sourceTree = "<group>"; };
		70041CB202BB4E74BDFFFE98 /* MaterialIcons.ttf */ = {isa = PBXFileReference; explicitFileType = undefined; fileEncoding = 9; includeInIndex = 0; lastKnownFileType = unknown; name = MaterialIcons.ttf; path = "../node_modules/react-native-vector-icons/Fonts/MaterialIcons.ttf"; sourceTree = "<group>"; };
		77783304007843A087F4CC1D /* Avenir-Book.ttf */ = {isa = PBXFileReference; explicitFileType = undefined; fileEncoding = 9; includeInIndex = 0; lastKnownFileType = unknown; name = "Avenir-Book.ttf"; path = "../assets/fonts/Avenir-Book.ttf"; sourceTree = "<group>"; };
		7B5D2022421746F98A230413 /* Montserrat-ExtraBold.ttf */ = {isa = PBXFileReference; explicitFileType = undefined; fileEncoding = 9; includeInIndex = 0; lastKnownFileType = unknown; name = "Montserrat-ExtraBold.ttf"; path = "../assets/fonts/Montserrat-ExtraBold.ttf"; sourceTree = "<group>"; };
		7D35536539554CD0B4D63712 /* Montserrat-LightItalic.ttf */ = {isa = PBXFileReference; explicitFileType = undefined; fileEncoding = 9; includeInIndex = 0; lastKnownFileType = unknown; name = "Montserrat-LightItalic.ttf"; path = "../assets/fonts/Montserrat-LightItalic.ttf"; sourceTree = "<group>"; };
		7E4B6FDC24DB4DB78CC02E60 /* MaterialCommunityIcons.ttf */ = {isa = PBXFileReference; explicitFileType = undefined; fileEncoding = 9; includeInIndex = 0; lastKnownFileType = unknown; name = MaterialCommunityIcons.ttf; path = "../node_modules/react-native-vector-icons/Fonts/MaterialCommunityIcons.ttf"; sourceTree = "<group>"; };
		86581A0999CE486DAFE56944 /* Montserrat-Italic.ttf */ = {isa = PBXFileReference; explicitFileType = undefined; fileEncoding = 9; includeInIndex = 0; lastKnownFileType = unknown; name = "Montserrat-Italic.ttf"; path = "../assets/fonts/Montserrat-Italic.ttf"; sourceTree = "<group>"; };
		8726249CB1CE4555B6D0B946 /* Montserrat-Regular.ttf */ = {isa = PBXFileReference; explicitFileType = undefined; fileEncoding = 9; includeInIndex = 0; lastKnownFileType = unknown; name = "Montserrat-Regular.ttf"; path = "../assets/fonts/Montserrat-Regular.ttf"; sourceTree = "<group>"; };
		8B3840C25E8447A987EF50E3 /* Tahoma.TTF */ = {isa = PBXFileReference; explicitFileType = undefined; fileEncoding = 9; includeInIndex = 0; lastKnownFileType = unknown; name = Tahoma.TTF; path = ../assets/fonts/Tahoma.TTF; sourceTree = "<group>"; };
		9251F343D1F6491B89C64BF3 /* SF-Pro-Display-LightItalic.otf */ = {isa = PBXFileReference; explicitFileType = undefined; fileEncoding = 9; includeInIndex = 0; lastKnownFileType = unknown; name = "SF-Pro-Display-LightItalic.otf"; path = "../assets/fonts/SF-Pro-Display-LightItalic.otf"; sourceTree = "<group>"; };
		92D0391B8556CE8AAFD31660 /* Pods-LBShoppingApp-LBShoppingAppTests.debug.xcconfig */ = {isa = PBXFileReference; includeInIndex = 1; lastKnownFileType = text.xcconfig; name = "Pods-LBShoppingApp-LBShoppingAppTests.debug.xcconfig"; path = "Target Support Files/Pods-LBShoppingApp-LBShoppingAppTests/Pods-LBShoppingApp-LBShoppingAppTests.debug.xcconfig"; sourceTree = "<group>"; };
		9341B9D1CC204300A64AF735 /* SF-Pro-Display-BlackItalic.otf */ = {isa = PBXFileReference; explicitFileType = undefined; fileEncoding = 9; includeInIndex = 0; lastKnownFileType = unknown; name = "SF-Pro-Display-BlackItalic.otf"; path = "../assets/fonts/SF-Pro-Display-BlackItalic.otf"; sourceTree = "<group>"; };
		993C1D40355E4A90B79B11BE /* Avenir-LightOblique.ttf */ = {isa = PBXFileReference; explicitFileType = undefined; fileEncoding = 9; includeInIndex = 0; lastKnownFileType = unknown; name = "Avenir-LightOblique.ttf"; path = "../assets/fonts/Avenir-LightOblique.ttf"; sourceTree = "<group>"; };
		A3C50401522A4B39B66DF3AE /* Feather.ttf */ = {isa = PBXFileReference; explicitFileType = undefined; fileEncoding = 9; includeInIndex = 0; lastKnownFileType = unknown; name = Feather.ttf; path = "../node_modules/react-native-vector-icons/Fonts/Feather.ttf"; sourceTree = "<group>"; };
		A55987F277A144808FFCF787 /* Helvetica.ttf */ = {isa = PBXFileReference; explicitFileType = undefined; fileEncoding = 9; includeInIndex = 0; lastKnownFileType = unknown; name = Helvetica.ttf; path = ../assets/fonts/Helvetica.ttf; sourceTree = "<group>"; };
		A63DAC39731F4FEBB19F8BA7 /* Avenir.ttc */ = {isa = PBXFileReference; explicitFileType = undefined; fileEncoding = 9; includeInIndex = 0; lastKnownFileType = unknown; name = Avenir.ttc; path = ../assets/fonts/Avenir.ttc; sourceTree = "<group>"; };
		AAA5848E0822485A8639302E /* Montserrat-BlackItalic.ttf */ = {isa = PBXFileReference; explicitFileType = undefined; fileEncoding = 9; includeInIndex = 0; lastKnownFileType = unknown; name = "Montserrat-BlackItalic.ttf"; path = "../assets/fonts/Montserrat-BlackItalic.ttf"; sourceTree = "<group>"; };
		AC5CEA592EB049CF945C1F1C /* SF-Pro-Display-ThinItalic.otf */ = {isa = PBXFileReference; explicitFileType = undefined; fileEncoding = 9; includeInIndex = 0; lastKnownFileType = unknown; name = "SF-Pro-Display-ThinItalic.otf"; path = "../assets/fonts/SF-Pro-Display-ThinItalic.otf"; sourceTree = "<group>"; };
		AF5A3421B3E947E3BF16DB4A /* SF-Pro-Display-Medium.otf */ = {isa = PBXFileReference; explicitFileType = undefined; fileEncoding = 9; includeInIndex = 0; lastKnownFileType = unknown; name = "SF-Pro-Display-Medium.otf"; path = "../assets/fonts/SF-Pro-Display-Medium.otf"; sourceTree = "<group>"; };
		B110ACBF882C42FDA9DA78DD /* FontAwesome.ttf */ = {isa = PBXFileReference; explicitFileType = undefined; fileEncoding = 9; includeInIndex = 0; lastKnownFileType = unknown; name = FontAwesome.ttf; path = "../node_modules/react-native-vector-icons/Fonts/FontAwesome.ttf"; sourceTree = "<group>"; };
		B25D7BA00F9A43CDB3446E6F /* Avenir-Medium.ttf */ = {isa = PBXFileReference; explicitFileType = undefined; fileEncoding = 9; includeInIndex = 0; lastKnownFileType = unknown; name = "Avenir-Medium.ttf"; path = "../assets/fonts/Avenir-Medium.ttf"; sourceTree = "<group>"; };
		BC51FA7B5D4A468289197123 /* Avenir-Roman.ttf */ = {isa = PBXFileReference; explicitFileType = undefined; fileEncoding = 9; includeInIndex = 0; lastKnownFileType = unknown; name = "Avenir-Roman.ttf"; path = "../assets/fonts/Avenir-Roman.ttf"; sourceTree = "<group>"; };
		BEF22183634C49DEAAF70248 /* Fontisto.ttf */ = {isa = PBXFileReference; explicitFileType = undefined; fileEncoding = 9; includeInIndex = 0; lastKnownFileType = unknown; name = Fontisto.ttf; path = "../node_modules/react-native-vector-icons/Fonts/Fontisto.ttf"; sourceTree = "<group>"; };
		CA0F24EDA1D544B999B8FA53 /* Avenir-Heavy.ttf */ = {isa = PBXFileReference; explicitFileType = undefined; fileEncoding = 9; includeInIndex = 0; lastKnownFileType = unknown; name = "Avenir-Heavy.ttf"; path = "../assets/fonts/Avenir-Heavy.ttf"; sourceTree = "<group>"; };
		CA387B091CB845DA8A8249BD /* SF-Pro-Display-Black.otf */ = {isa = PBXFileReference; explicitFileType = undefined; fileEncoding = 9; includeInIndex = 0; lastKnownFileType = unknown; name = "SF-Pro-Display-Black.otf"; path = "../assets/fonts/SF-Pro-Display-Black.otf"; sourceTree = "<group>"; };
		CA6D637DCA58497082C42C96 /* Avenir-MediumOblique.ttf */ = {isa = PBXFileReference; explicitFileType = undefined; fileEncoding = 9; includeInIndex = 0; lastKnownFileType = unknown; name = "Avenir-MediumOblique.ttf"; path = "../assets/fonts/Avenir-MediumOblique.ttf"; sourceTree = "<group>"; };
		CE3EFDA2BB1820CE7F861E8A /* libPods-LBShoppingApp.a */ = {isa = PBXFileReference; explicitFileType = archive.ar; includeInIndex = 0; path = "libPods-LBShoppingApp.a"; sourceTree = BUILT_PRODUCTS_DIR; };
		CED7D6C6C4E9D3E1381F7C33 /* libPods-LBShoppingApp-tvOSTests.a */ = {isa = PBXFileReference; explicitFileType = archive.ar; includeInIndex = 0; path = "libPods-LBShoppingApp-tvOSTests.a"; sourceTree = BUILT_PRODUCTS_DIR; };
		D2FAC45F6EBB469EA9864592 /* SF-Pro-Display-RegularItalic.otf */ = {isa = PBXFileReference; explicitFileType = undefined; fileEncoding = 9; includeInIndex = 0; lastKnownFileType = unknown; name = "SF-Pro-Display-RegularItalic.otf"; path = "../assets/fonts/SF-Pro-Display-RegularItalic.otf"; sourceTree = "<group>"; };
		D5117D9204B004AD25615841 /* libPods-LBShoppingApp-LBShoppingAppTests.a */ = {isa = PBXFileReference; explicitFileType = archive.ar; includeInIndex = 0; path = "libPods-LBShoppingApp-LBShoppingAppTests.a"; sourceTree = BUILT_PRODUCTS_DIR; };
		D6C49B5519FB4A5690F30F5F /* SF-Pro-Display-Bold.otf */ = {isa = PBXFileReference; explicitFileType = undefined; fileEncoding = 9; includeInIndex = 0; lastKnownFileType = unknown; name = "SF-Pro-Display-Bold.otf"; path = "../assets/fonts/SF-Pro-Display-Bold.otf"; sourceTree = "<group>"; };
		DC091FAE73134514BC05C841 /* Montserrat-Thin.ttf */ = {isa = PBXFileReference; explicitFileType = undefined; fileEncoding = 9; includeInIndex = 0; lastKnownFileType = unknown; name = "Montserrat-Thin.ttf"; path = "../assets/fonts/Montserrat-Thin.ttf"; sourceTree = "<group>"; };
		E1192D4D2A85445B8591783F /* Montserrat-Light.ttf */ = {isa = PBXFileReference; explicitFileType = undefined; fileEncoding = 9; includeInIndex = 0; lastKnownFileType = unknown; name = "Montserrat-Light.ttf"; path = "../assets/fonts/Montserrat-Light.ttf"; sourceTree = "<group>"; };
		E17C8E0C2FD94FD297CB4177 /* SF-Pro-Display-Semibold.otf */ = {isa = PBXFileReference; explicitFileType = undefined; fileEncoding = 9; includeInIndex = 0; lastKnownFileType = unknown; name = "SF-Pro-Display-Semibold.otf"; path = "../assets/fonts/SF-Pro-Display-Semibold.otf"; sourceTree = "<group>"; };
		E3821114C9964CA099377B88 /* Avenir-HeavyOblique.ttf */ = {isa = PBXFileReference; explicitFileType = undefined; fileEncoding = 9; includeInIndex = 0; lastKnownFileType = unknown; name = "Avenir-HeavyOblique.ttf"; path = "../assets/fonts/Avenir-HeavyOblique.ttf"; sourceTree = "<group>"; };
		E849BE11737248F9B98C789F /* Avenir-Light.ttf */ = {isa = PBXFileReference; explicitFileType = undefined; fileEncoding = 9; includeInIndex = 0; lastKnownFileType = unknown; name = "Avenir-Light.ttf"; path = "../assets/fonts/Avenir-Light.ttf"; sourceTree = "<group>"; };
		ED297162215061F000B7C4FE /* JavaScriptCore.framework */ = {isa = PBXFileReference; lastKnownFileType = wrapper.framework; name = JavaScriptCore.framework; path = System/Library/Frameworks/JavaScriptCore.framework; sourceTree = SDKROOT; };
		ED2971642150620600B7C4FE /* JavaScriptCore.framework */ = {isa = PBXFileReference; lastKnownFileType = wrapper.framework; name = JavaScriptCore.framework; path = Platforms/AppleTVOS.platform/Developer/SDKs/AppleTVOS12.0.sdk/System/Library/Frameworks/JavaScriptCore.framework; sourceTree = DEVELOPER_DIR; };
		ED3B651B3A3D448BBD742751 /* AntDesign.ttf */ = {isa = PBXFileReference; explicitFileType = undefined; fileEncoding = 9; includeInIndex = 0; lastKnownFileType = unknown; name = AntDesign.ttf; path = "../node_modules/react-native-vector-icons/Fonts/AntDesign.ttf"; sourceTree = "<group>"; };
		EE4662224B5A42F59FFDA4BF /* Arial.ttf */ = {isa = PBXFileReference; explicitFileType = undefined; fileEncoding = 9; includeInIndex = 0; lastKnownFileType = unknown; name = Arial.ttf; path = ../assets/fonts/Arial.ttf; sourceTree = "<group>"; };
		EEC769731C584E6E817840D6 /* Montserrat-ThinItalic.ttf */ = {isa = PBXFileReference; explicitFileType = undefined; fileEncoding = 9; includeInIndex = 0; lastKnownFileType = unknown; name = "Montserrat-ThinItalic.ttf"; path = "../assets/fonts/Montserrat-ThinItalic.ttf"; sourceTree = "<group>"; };
		EFD99EF898A24DE0A1003FDF /* Montserrat-Black.ttf */ = {isa = PBXFileReference; explicitFileType = undefined; fileEncoding = 9; includeInIndex = 0; lastKnownFileType = unknown; name = "Montserrat-Black.ttf"; path = "../assets/fonts/Montserrat-Black.ttf"; sourceTree = "<group>"; };
		F13393C540544F5DAA36D5FB /* SF-Pro-Display-Heavy.otf */ = {isa = PBXFileReference; explicitFileType = undefined; fileEncoding = 9; includeInIndex = 0; lastKnownFileType = unknown; name = "SF-Pro-Display-Heavy.otf"; path = "../assets/fonts/SF-Pro-Display-Heavy.otf"; sourceTree = "<group>"; };
		F3D0F1079F204667AD5AA1BB /* Ionicons.ttf */ = {isa = PBXFileReference; explicitFileType = undefined; fileEncoding = 9; includeInIndex = 0; lastKnownFileType = unknown; name = Ionicons.ttf; path = "../node_modules/react-native-vector-icons/Fonts/Ionicons.ttf"; sourceTree = "<group>"; };
		F6F9A92A965C48A39B16FF07 /* SF-Pro-Display-HeavyItalic.otf */ = {isa = PBXFileReference; explicitFileType = undefined; fileEncoding = 9; includeInIndex = 0; lastKnownFileType = unknown; name = "SF-Pro-Display-HeavyItalic.otf"; path = "../assets/fonts/SF-Pro-Display-HeavyItalic.otf"; sourceTree = "<group>"; };
		FC11E22506034425BBD2AF5C /* Avenir-BlackOblique.ttf */ = {isa = PBXFileReference; explicitFileType = undefined; fileEncoding = 9; includeInIndex = 0; lastKnownFileType = unknown; name = "Avenir-BlackOblique.ttf"; path = "../assets/fonts/Avenir-BlackOblique.ttf"; sourceTree = "<group>"; };
		FC2CAE22908A4A6580F60DB8 /* SimpleLineIcons.ttf */ = {isa = PBXFileReference; explicitFileType = undefined; fileEncoding = 9; includeInIndex = 0; lastKnownFileType = unknown; name = SimpleLineIcons.ttf; path = "../node_modules/react-native-vector-icons/Fonts/SimpleLineIcons.ttf"; sourceTree = "<group>"; };
		FEF30C830CC9439BAC39AEB1 /* Avenir-BookOblique.ttf */ = {isa = PBXFileReference; explicitFileType = undefined; fileEncoding = 9; includeInIndex = 0; lastKnownFileType = unknown; name = "Avenir-BookOblique.ttf"; path = "../assets/fonts/Avenir-BookOblique.ttf"; sourceTree = "<group>"; };
		FFA0F87A1E084D40A4FCB20F /* Montserrat-SemiBold.ttf */ = {isa = PBXFileReference; explicitFileType = undefined; fileEncoding = 9; includeInIndex = 0; lastKnownFileType = unknown; name = "Montserrat-SemiBold.ttf"; path = "../assets/fonts/Montserrat-SemiBold.ttf"; sourceTree = "<group>"; };
		F0523E0B1C9949EA92AEE94B /* Arial, Helvetica, Verdana, Tahoma, sans-serif.ttf */ = {isa = PBXFileReference; name = "Arial, Helvetica, Verdana, Tahoma, sans-serif.ttf"; path = "../assets/fonts/Arial, Helvetica, Verdana, Tahoma, sans-serif.ttf"; sourceTree = "<group>"; fileEncoding = undefined; lastKnownFileType = unknown; explicitFileType = undefined; includeInIndex = 0; };
/* End PBXFileReference section */

/* Begin PBXFrameworksBuildPhase section */
		00E356EB1AD99517003FC87E /* Frameworks */ = {
			isa = PBXFrameworksBuildPhase;
			buildActionMask = 2147483647;
			files = (
				20F6DCB6FB0BB4E4B9521476 /* libPods-LBShoppingApp-LBShoppingAppTests.a in Frameworks */,
			);
			runOnlyForDeploymentPostprocessing = 0;
		};
		13B07F8C1A680F5B00A75B9A /* Frameworks */ = {
			isa = PBXFrameworksBuildPhase;
			buildActionMask = 2147483647;
			files = (
				DA443769041F7EF99F686612 /* libPods-LBShoppingApp.a in Frameworks */,
			);
			runOnlyForDeploymentPostprocessing = 0;
		};
		2D02E4781E0B4A5D006451C7 /* Frameworks */ = {
			isa = PBXFrameworksBuildPhase;
			buildActionMask = 2147483647;
			files = (
				46586D51D13D99E5FC977EB5 /* libPods-LBShoppingApp-tvOS.a in Frameworks */,
			);
			runOnlyForDeploymentPostprocessing = 0;
		};
		2D02E48D1E0B4A5D006451C7 /* Frameworks */ = {
			isa = PBXFrameworksBuildPhase;
			buildActionMask = 2147483647;
			files = (
				23FE6DE5D45BCD4637D8C6A0 /* libPods-LBShoppingApp-tvOSTests.a in Frameworks */,
			);
			runOnlyForDeploymentPostprocessing = 0;
		};
/* End PBXFrameworksBuildPhase section */

/* Begin PBXGroup section */
		00E356EF1AD99517003FC87E /* LBShoppingAppTests */ = {
			isa = PBXGroup;
			children = (
				00E356F21AD99517003FC87E /* LBShoppingAppTests.m */,
				00E356F01AD99517003FC87E /* Supporting Files */,
			);
			path = LBShoppingAppTests;
			sourceTree = "<group>";
		};
		00E356F01AD99517003FC87E /* Supporting Files */ = {
			isa = PBXGroup;
			children = (
				00E356F11AD99517003FC87E /* Info.plist */,
			);
			name = "Supporting Files";
			sourceTree = "<group>";
		};
		13B07FAE1A68108700A75B9A /* LBShoppingApp */ = {
			isa = PBXGroup;
			children = (
				008F07F21AC5B25A0029DE68 /* main.jsbundle */,
				13B07FAF1A68108700A75B9A /* AppDelegate.h */,
				13B07FB01A68108700A75B9A /* AppDelegate.m */,
				13B07FB51A68108700A75B9A /* Images.xcassets */,
				13B07FB61A68108700A75B9A /* Info.plist */,
				13B07FB11A68108700A75B9A /* LaunchScreen.xib */,
				13B07FB71A68108700A75B9A /* main.m */,
			);
			name = LBShoppingApp;
			sourceTree = "<group>";
		};
		2D16E6871FA4F8E400B85C8A /* Frameworks */ = {
			isa = PBXGroup;
			children = (
				ED297162215061F000B7C4FE /* JavaScriptCore.framework */,
				ED2971642150620600B7C4FE /* JavaScriptCore.framework */,
				CE3EFDA2BB1820CE7F861E8A /* libPods-LBShoppingApp.a */,
				D5117D9204B004AD25615841 /* libPods-LBShoppingApp-LBShoppingAppTests.a */,
				45493BC6D9D7CDC99AAC249A /* libPods-LBShoppingApp-tvOS.a */,
				CED7D6C6C4E9D3E1381F7C33 /* libPods-LBShoppingApp-tvOSTests.a */,
			);
			name = Frameworks;
			sourceTree = "<group>";
		};
		832341AE1AAA6A7D00B99B32 /* Libraries */ = {
			isa = PBXGroup;
			children = (
			);
			name = Libraries;
			sourceTree = "<group>";
		};
		83CBB9F61A601CBA00E9B192 = {
			isa = PBXGroup;
			children = (
				13B07FAE1A68108700A75B9A /* LBShoppingApp */,
				832341AE1AAA6A7D00B99B32 /* Libraries */,
				00E356EF1AD99517003FC87E /* LBShoppingAppTests */,
				83CBBA001A601CBA00E9B192 /* Products */,
				2D16E6871FA4F8E400B85C8A /* Frameworks */,
				CF706621422E4FB7AAE8CD10 /* Resources */,
				B0567CC92E1511C1D61D0094 /* Pods */,
			);
			indentWidth = 2;
			sourceTree = "<group>";
			tabWidth = 2;
			usesTabs = 0;
		};
		83CBBA001A601CBA00E9B192 /* Products */ = {
			isa = PBXGroup;
			children = (
				13B07F961A680F5B00A75B9A /* LBShoppingApp.app */,
				00E356EE1AD99517003FC87E /* LBShoppingAppTests.xctest */,
				2D02E47B1E0B4A5D006451C7 /* LBShoppingApp-tvOS.app */,
				2D02E4901E0B4A5D006451C7 /* LBShoppingApp-tvOSTests.xctest */,
			);
			name = Products;
			sourceTree = "<group>";
		};
		B0567CC92E1511C1D61D0094 /* Pods */ = {
			isa = PBXGroup;
			children = (
				4E4E2CA2859BAAFB3CFE389D /* Pods-LBShoppingApp.debug.xcconfig */,
				356EBB2750F56D57F85DFFA7 /* Pods-LBShoppingApp.release.xcconfig */,
				92D0391B8556CE8AAFD31660 /* Pods-LBShoppingApp-LBShoppingAppTests.debug.xcconfig */,
				12C08B6199D1E73ACF2471E1 /* Pods-LBShoppingApp-LBShoppingAppTests.release.xcconfig */,
				596D5E64ACBBBFF489793F84 /* Pods-LBShoppingApp-tvOS.debug.xcconfig */,
				1FB52DDDF15F6AD327CD20E0 /* Pods-LBShoppingApp-tvOS.release.xcconfig */,
				0050920CCB743D8325288C22 /* Pods-LBShoppingApp-tvOSTests.debug.xcconfig */,
				33DD7C04318DCF42941096DE /* Pods-LBShoppingApp-tvOSTests.release.xcconfig */,
			);
			path = Pods;
			sourceTree = "<group>";
		};
		CF706621422E4FB7AAE8CD10 /* Resources */ = {
			isa = PBXGroup;
			children = (
				2745A0D832E4434FA7093E30 /* Avenir-Black.ttf */,
				FC11E22506034425BBD2AF5C /* Avenir-BlackOblique.ttf */,
				77783304007843A087F4CC1D /* Avenir-Book.ttf */,
				FEF30C830CC9439BAC39AEB1 /* Avenir-BookOblique.ttf */,
				CA0F24EDA1D544B999B8FA53 /* Avenir-Heavy.ttf */,
				E3821114C9964CA099377B88 /* Avenir-HeavyOblique.ttf */,
				E849BE11737248F9B98C789F /* Avenir-Light.ttf */,
				993C1D40355E4A90B79B11BE /* Avenir-LightOblique.ttf */,
				B25D7BA00F9A43CDB3446E6F /* Avenir-Medium.ttf */,
				CA6D637DCA58497082C42C96 /* Avenir-MediumOblique.ttf */,
				0BAAA7A418B2406999F61C85 /* Avenir-Oblique.ttf */,
				BC51FA7B5D4A468289197123 /* Avenir-Roman.ttf */,
				A63DAC39731F4FEBB19F8BA7 /* Avenir.ttc */,
				EFD99EF898A24DE0A1003FDF /* Montserrat-Black.ttf */,
				AAA5848E0822485A8639302E /* Montserrat-BlackItalic.ttf */,
				005DCA802DF845EFA717D972 /* Montserrat-Bold.ttf */,
				4B88EBF5FB62466E944C4AAE /* Montserrat-BoldItalic.ttf */,
				7B5D2022421746F98A230413 /* Montserrat-ExtraBold.ttf */,
				523F1AD783304A8DAF420268 /* Montserrat-ExtraBoldItalic.ttf */,
				0EA0E902F97B4D0185069BB9 /* Montserrat-ExtraLight.ttf */,
				17ED43ED157645B69D7F3964 /* Montserrat-ExtraLightItalic.ttf */,
				86581A0999CE486DAFE56944 /* Montserrat-Italic.ttf */,
				E1192D4D2A85445B8591783F /* Montserrat-Light.ttf */,
				7D35536539554CD0B4D63712 /* Montserrat-LightItalic.ttf */,
				1F0C940B61264D20B23B8267 /* Montserrat-Medium.ttf */,
				429910F111CD49259F2D5D1C /* Montserrat-MediumItalic.ttf */,
				8726249CB1CE4555B6D0B946 /* Montserrat-Regular.ttf */,
				FFA0F87A1E084D40A4FCB20F /* Montserrat-SemiBold.ttf */,
				21FAA517CA4F4A529DE44618 /* Montserrat-SemiBoldItalic.ttf */,
				DC091FAE73134514BC05C841 /* Montserrat-Thin.ttf */,
				EEC769731C584E6E817840D6 /* Montserrat-ThinItalic.ttf */,
				CA387B091CB845DA8A8249BD /* SF-Pro-Display-Black.otf */,
				9341B9D1CC204300A64AF735 /* SF-Pro-Display-BlackItalic.otf */,
				D6C49B5519FB4A5690F30F5F /* SF-Pro-Display-Bold.otf */,
				1D130853D11A489984B46986 /* SF-Pro-Display-BoldItalic.otf */,
				F13393C540544F5DAA36D5FB /* SF-Pro-Display-Heavy.otf */,
				F6F9A92A965C48A39B16FF07 /* SF-Pro-Display-HeavyItalic.otf */,
				2A5FFF4A35264F0E9F87B77C /* SF-Pro-Display-Light.otf */,
				9251F343D1F6491B89C64BF3 /* SF-Pro-Display-LightItalic.otf */,
				AF5A3421B3E947E3BF16DB4A /* SF-Pro-Display-Medium.otf */,
				4CC511D9ECA84A0696637D1A /* SF-Pro-Display-MediumItalic.otf */,
				3F3FB3F270E14A379F14CD05 /* SF-Pro-Display-Regular.otf */,
				D2FAC45F6EBB469EA9864592 /* SF-Pro-Display-RegularItalic.otf */,
				E17C8E0C2FD94FD297CB4177 /* SF-Pro-Display-Semibold.otf */,
				0E0D36A6CBA944419000CB84 /* SF-Pro-Display-SemiboldItalic.otf */,
				160E6F9583FD4AB3A13726AC /* SF-Pro-Display-Thin.otf */,
				AC5CEA592EB049CF945C1F1C /* SF-Pro-Display-ThinItalic.otf */,
				3D2EF7ED6FF74DDCAAF80D13 /* SF-Pro-Display-Ultralight.otf */,
				2788B33BF45449C58299ACD5 /* SF-Pro-Display-UltralightItalic.otf */,
				ED3B651B3A3D448BBD742751 /* AntDesign.ttf */,
				2A7389F78E474677B13987ED /* Entypo.ttf */,
				31430193ACC54490AB556D74 /* EvilIcons.ttf */,
				A3C50401522A4B39B66DF3AE /* Feather.ttf */,
				B110ACBF882C42FDA9DA78DD /* FontAwesome.ttf */,
				5C0B9CEBF52146B3B727D693 /* FontAwesome5_Brands.ttf */,
				3712140AC27F4CB7A8CB42E1 /* FontAwesome5_Regular.ttf */,
				1161338C4EA04434ABB58FBF /* FontAwesome5_Solid.ttf */,
				BEF22183634C49DEAAF70248 /* Fontisto.ttf */,
				04B092DB1E2B4E3BAD5967EE /* Foundation.ttf */,
				F3D0F1079F204667AD5AA1BB /* Ionicons.ttf */,
				7E4B6FDC24DB4DB78CC02E60 /* MaterialCommunityIcons.ttf */,
				70041CB202BB4E74BDFFFE98 /* MaterialIcons.ttf */,
				5DC65634403543B6A6B0AFD4 /* Octicons.ttf */,
				FC2CAE22908A4A6580F60DB8 /* SimpleLineIcons.ttf */,
				40A642C93E534D23852A2503 /* Zocial.ttf */,
				EE4662224B5A42F59FFDA4BF /* Arial.ttf */,
				A55987F277A144808FFCF787 /* Helvetica.ttf */,
				6D254F0E641943DBAB903DC7 /* sans-serif.ttf */,
				8B3840C25E8447A987EF50E3 /* Tahoma.TTF */,
				125910B40BC44E099ECD8330 /* Verdana.ttf */,
				F0523E0B1C9949EA92AEE94B /* Arial, Helvetica, Verdana, Tahoma, sans-serif.ttf */,
			);
			name = Resources;
			sourceTree = "<group>";
		};
/* End PBXGroup section */

/* Begin PBXNativeTarget section */
		00E356ED1AD99517003FC87E /* LBShoppingAppTests */ = {
			isa = PBXNativeTarget;
			buildConfigurationList = 00E357021AD99517003FC87E /* Build configuration list for PBXNativeTarget "LBShoppingAppTests" */;
			buildPhases = (
				7141F51AFC44CAB8C86C2640 /* [CP] Check Pods Manifest.lock */,
				00E356EA1AD99517003FC87E /* Sources */,
				00E356EB1AD99517003FC87E /* Frameworks */,
				00E356EC1AD99517003FC87E /* Resources */,
				1A1EC051863C81DACA9D5661 /* [CP] Copy Pods Resources */,
			);
			buildRules = (
			);
			dependencies = (
				00E356F51AD99517003FC87E /* PBXTargetDependency */,
			);
			name = LBShoppingAppTests;
			productName = LBShoppingAppTests;
			productReference = 00E356EE1AD99517003FC87E /* LBShoppingAppTests.xctest */;
			productType = "com.apple.product-type.bundle.unit-test";
		};
		13B07F861A680F5B00A75B9A /* LBShoppingApp */ = {
			isa = PBXNativeTarget;
			buildConfigurationList = 13B07F931A680F5B00A75B9A /* Build configuration list for PBXNativeTarget "LBShoppingApp" */;
			buildPhases = (
				18AA42C06CE45E9A3AFB9414 /* [CP] Check Pods Manifest.lock */,
				FD10A7F022414F080027D42C /* Start Packager */,
				13B07F871A680F5B00A75B9A /* Sources */,
				13B07F8C1A680F5B00A75B9A /* Frameworks */,
				13B07F8E1A680F5B00A75B9A /* Resources */,
				00DD1BFF1BD5951E006B06BC /* Bundle React Native code and images */,
				663171ECE294130E861C8366 /* [CP] Copy Pods Resources */,
			);
			buildRules = (
			);
			dependencies = (
			);
			name = LBShoppingApp;
			productName = LBShoppingApp;
			productReference = 13B07F961A680F5B00A75B9A /* LBShoppingApp.app */;
			productType = "com.apple.product-type.application";
		};
		2D02E47A1E0B4A5D006451C7 /* LBShoppingApp-tvOS */ = {
			isa = PBXNativeTarget;
			buildConfigurationList = 2D02E4BA1E0B4A5E006451C7 /* Build configuration list for PBXNativeTarget "LBShoppingApp-tvOS" */;
			buildPhases = (
				C52E57C802E2E261FC7ACA01 /* [CP] Check Pods Manifest.lock */,
				FD10A7F122414F3F0027D42C /* Start Packager */,
				2D02E4771E0B4A5D006451C7 /* Sources */,
				2D02E4781E0B4A5D006451C7 /* Frameworks */,
				2D02E4791E0B4A5D006451C7 /* Resources */,
				2D02E4CB1E0B4B27006451C7 /* Bundle React Native Code And Images */,
			);
			buildRules = (
			);
			dependencies = (
			);
			name = "LBShoppingApp-tvOS";
			productName = "LBShoppingApp-tvOS";
			productReference = 2D02E47B1E0B4A5D006451C7 /* LBShoppingApp-tvOS.app */;
			productType = "com.apple.product-type.application";
		};
		2D02E48F1E0B4A5D006451C7 /* LBShoppingApp-tvOSTests */ = {
			isa = PBXNativeTarget;
			buildConfigurationList = 2D02E4BB1E0B4A5E006451C7 /* Build configuration list for PBXNativeTarget "LBShoppingApp-tvOSTests" */;
			buildPhases = (
				63F0384F1A795BFAEE112B8E /* [CP] Check Pods Manifest.lock */,
				2D02E48C1E0B4A5D006451C7 /* Sources */,
				2D02E48D1E0B4A5D006451C7 /* Frameworks */,
				2D02E48E1E0B4A5D006451C7 /* Resources */,
			);
			buildRules = (
			);
			dependencies = (
				2D02E4921E0B4A5D006451C7 /* PBXTargetDependency */,
			);
			name = "LBShoppingApp-tvOSTests";
			productName = "LBShoppingApp-tvOSTests";
			productReference = 2D02E4901E0B4A5D006451C7 /* LBShoppingApp-tvOSTests.xctest */;
			productType = "com.apple.product-type.bundle.unit-test";
		};
/* End PBXNativeTarget section */

/* Begin PBXProject section */
		83CBB9F71A601CBA00E9B192 /* Project object */ = {
			isa = PBXProject;
			attributes = {
				LastUpgradeCheck = 1130;
				TargetAttributes = {
					00E356ED1AD99517003FC87E = {
						CreatedOnToolsVersion = 6.2;
						TestTargetID = 13B07F861A680F5B00A75B9A;
					};
					13B07F861A680F5B00A75B9A = {
						LastSwiftMigration = 1120;
					};
					2D02E47A1E0B4A5D006451C7 = {
						CreatedOnToolsVersion = 8.2.1;
						ProvisioningStyle = Automatic;
					};
					2D02E48F1E0B4A5D006451C7 = {
						CreatedOnToolsVersion = 8.2.1;
						ProvisioningStyle = Automatic;
						TestTargetID = 2D02E47A1E0B4A5D006451C7;
					};
				};
			};
			buildConfigurationList = 83CBB9FA1A601CBA00E9B192 /* Build configuration list for PBXProject "LBShoppingApp" */;
			compatibilityVersion = "Xcode 3.2";
			developmentRegion = en;
			hasScannedForEncodings = 0;
			knownRegions = (
				en,
				Base,
			);
			mainGroup = 83CBB9F61A601CBA00E9B192;
			productRefGroup = 83CBBA001A601CBA00E9B192 /* Products */;
			projectDirPath = "";
			projectRoot = "";
			targets = (
				13B07F861A680F5B00A75B9A /* LBShoppingApp */,
				00E356ED1AD99517003FC87E /* LBShoppingAppTests */,
				2D02E47A1E0B4A5D006451C7 /* LBShoppingApp-tvOS */,
				2D02E48F1E0B4A5D006451C7 /* LBShoppingApp-tvOSTests */,
			);
		};
/* End PBXProject section */

/* Begin PBXResourcesBuildPhase section */
		00E356EC1AD99517003FC87E /* Resources */ = {
			isa = PBXResourcesBuildPhase;
			buildActionMask = 2147483647;
			files = (
			);
			runOnlyForDeploymentPostprocessing = 0;
		};
		13B07F8E1A680F5B00A75B9A /* Resources */ = {
			isa = PBXResourcesBuildPhase;
			buildActionMask = 2147483647;
			files = (
				13B07FBF1A68108700A75B9A /* Images.xcassets in Resources */,
				13B07FBD1A68108700A75B9A /* LaunchScreen.xib in Resources */,
				67DC2F22E0FE41438C54B34C /* Avenir-Black.ttf in Resources */,
				6C453F1774874C5A9639AD29 /* Avenir-BlackOblique.ttf in Resources */,
				402C1A5C4F2F41B4AF476FD1 /* Avenir-Book.ttf in Resources */,
				97FF87814D88494D94441DF0 /* Avenir-BookOblique.ttf in Resources */,
				25C6A1D8906E4BF5A6EA01CB /* Avenir-Heavy.ttf in Resources */,
				76C2C70405E948E99791AB39 /* Avenir-HeavyOblique.ttf in Resources */,
				82B3918B0C91484AA3C81B11 /* Avenir-Light.ttf in Resources */,
				B8F4E5DF99EC44AF8F6F36A8 /* Avenir-LightOblique.ttf in Resources */,
				23363B2E195C4B07BFE21807 /* Avenir-Medium.ttf in Resources */,
				6AA9DEE82DFA4051A3BFF065 /* Avenir-MediumOblique.ttf in Resources */,
				73E92D191A9B4EBBB7E7DE9B /* Avenir-Oblique.ttf in Resources */,
				4920D97DBF1548FB81CE6566 /* Avenir-Roman.ttf in Resources */,
				348312F4FF16483CB96850B9 /* Avenir.ttc in Resources */,
				2B449724CDD14B2B9F68444D /* Montserrat-Black.ttf in Resources */,
				D659EECFF1D4424982D59580 /* Montserrat-BlackItalic.ttf in Resources */,
				6707A74E651B4382BC719DBB /* Montserrat-Bold.ttf in Resources */,
				F330CDB923AA4FCFB089C42F /* Montserrat-BoldItalic.ttf in Resources */,
				3F8CD13B211F45AB92347621 /* Montserrat-ExtraBold.ttf in Resources */,
				46F9829C61164ED3B76E8859 /* Montserrat-ExtraBoldItalic.ttf in Resources */,
				49DA8FAA720F43BABD01C335 /* Montserrat-ExtraLight.ttf in Resources */,
				1C1D2537053B43199FA2D954 /* Montserrat-ExtraLightItalic.ttf in Resources */,
				4866E1198E8C49158E230B1C /* Montserrat-Italic.ttf in Resources */,
				38720F43A02348EDAD8689A1 /* Montserrat-Light.ttf in Resources */,
				4643BE3082F24A42B3735990 /* Montserrat-LightItalic.ttf in Resources */,
				5DC0B8A3A43A4C29AF29BC30 /* Montserrat-Medium.ttf in Resources */,
				FA402E4789E44A5CBDE15F22 /* Montserrat-MediumItalic.ttf in Resources */,
				A919971CA4A6488B9761EAD9 /* Montserrat-Regular.ttf in Resources */,
				1E7A581E175E4F5E81274AFA /* Montserrat-SemiBold.ttf in Resources */,
				D49CF302508C4CF3ADA3B103 /* Montserrat-SemiBoldItalic.ttf in Resources */,
				5A56BA66B34B4E7D84DCFAFE /* Montserrat-Thin.ttf in Resources */,
				7A09D685A8774E9A9C2EA1BB /* Montserrat-ThinItalic.ttf in Resources */,
				58B39F895623472595CDE01C /* SF-Pro-Display-Black.otf in Resources */,
				BDAA607435574E54AE9404E8 /* SF-Pro-Display-BlackItalic.otf in Resources */,
				DF842D82791E45C7AE41C713 /* SF-Pro-Display-Bold.otf in Resources */,
				AEBB037BC92A4F309645A975 /* SF-Pro-Display-BoldItalic.otf in Resources */,
				148FCCFA9BEA49EE8BBE9CEA /* SF-Pro-Display-Heavy.otf in Resources */,
				B4B5BA115D3A49A097FC0B8E /* SF-Pro-Display-HeavyItalic.otf in Resources */,
				CEA6374B1EB745E4A3295476 /* SF-Pro-Display-Light.otf in Resources */,
				16F8A7089C8E497BA7BC240F /* SF-Pro-Display-LightItalic.otf in Resources */,
				B9DAA83C763645D580F5A879 /* SF-Pro-Display-Medium.otf in Resources */,
				DAA8B0FF7A8D46158E60E83F /* SF-Pro-Display-MediumItalic.otf in Resources */,
				F0E3C6A2CC1C402CA3569B55 /* SF-Pro-Display-Regular.otf in Resources */,
				09CA180D14D54ABFA7105D99 /* SF-Pro-Display-RegularItalic.otf in Resources */,
				150245D786684663AC1CD94F /* SF-Pro-Display-Semibold.otf in Resources */,
				A82DEDB9076645259FEEF724 /* SF-Pro-Display-SemiboldItalic.otf in Resources */,
				14F954880A3449B592BE6A21 /* SF-Pro-Display-Thin.otf in Resources */,
				753DC4A575F44055A8EE2977 /* SF-Pro-Display-ThinItalic.otf in Resources */,
				CCE8D251C32948BDACB57B27 /* SF-Pro-Display-Ultralight.otf in Resources */,
				92ED0A584E6042B8B73C2D6F /* SF-Pro-Display-UltralightItalic.otf in Resources */,
				4B3C557D6A1C4286B65EF327 /* Arial.ttf in Resources */,
				98277CF02FC14C5D8387566F /* Helvetica.ttf in Resources */,
				3353174E6C364AA5A169819A /* sans-serif.ttf in Resources */,
				D37D022AF7BE4B6DBA2AEEE0 /* Tahoma.TTF in Resources */,
				6FD48545E82E4A7ABBB50AF2 /* Verdana.ttf in Resources */,
				44DDCE8E02E244ACBDCBC3DE /* Arial, Helvetica, Verdana, Tahoma, sans-serif.ttf in Resources */,
			);
			runOnlyForDeploymentPostprocessing = 0;
		};
		2D02E4791E0B4A5D006451C7 /* Resources */ = {
			isa = PBXResourcesBuildPhase;
			buildActionMask = 2147483647;
			files = (
				2D02E4BD1E0B4A84006451C7 /* Images.xcassets in Resources */,
			);
			runOnlyForDeploymentPostprocessing = 0;
		};
		2D02E48E1E0B4A5D006451C7 /* Resources */ = {
			isa = PBXResourcesBuildPhase;
			buildActionMask = 2147483647;
			files = (
			);
			runOnlyForDeploymentPostprocessing = 0;
		};
/* End PBXResourcesBuildPhase section */

/* Begin PBXShellScriptBuildPhase section */
		00DD1BFF1BD5951E006B06BC /* Bundle React Native code and images */ = {
			isa = PBXShellScriptBuildPhase;
			buildActionMask = 2147483647;
			files = (
			);
			inputPaths = (
			);
			name = "Bundle React Native code and images";
			outputPaths = (
			);
			runOnlyForDeploymentPostprocessing = 0;
			shellPath = /bin/sh;
			shellScript = "export NODE_BINARY=node\n../node_modules/react-native/scripts/react-native-xcode.sh";
		};
		18AA42C06CE45E9A3AFB9414 /* [CP] Check Pods Manifest.lock */ = {
			isa = PBXShellScriptBuildPhase;
			buildActionMask = 2147483647;
			files = (
			);
			inputFileListPaths = (
			);
			inputPaths = (
				"${PODS_PODFILE_DIR_PATH}/Podfile.lock",
				"${PODS_ROOT}/Manifest.lock",
			);
			name = "[CP] Check Pods Manifest.lock";
			outputFileListPaths = (
			);
			outputPaths = (
				"$(DERIVED_FILE_DIR)/Pods-LBShoppingApp-checkManifestLockResult.txt",
			);
			runOnlyForDeploymentPostprocessing = 0;
			shellPath = /bin/sh;
			shellScript = "diff \"${PODS_PODFILE_DIR_PATH}/Podfile.lock\" \"${PODS_ROOT}/Manifest.lock\" > /dev/null\nif [ $? != 0 ] ; then\n    # print error to STDERR\n    echo \"error: The sandbox is not in sync with the Podfile.lock. Run 'pod install' or update your CocoaPods installation.\" >&2\n    exit 1\nfi\n# This output is used by Xcode 'outputs' to avoid re-running this script phase.\necho \"SUCCESS\" > \"${SCRIPT_OUTPUT_FILE_0}\"\n";
			showEnvVarsInLog = 0;
		};
		1A1EC051863C81DACA9D5661 /* [CP] Copy Pods Resources */ = {
			isa = PBXShellScriptBuildPhase;
			buildActionMask = 2147483647;
			files = (
			);
			inputPaths = (
				"${PODS_ROOT}/Target Support Files/Pods-LBShoppingApp-LBShoppingAppTests/Pods-LBShoppingApp-LBShoppingAppTests-resources.sh",
				"${PODS_ROOT}/../../node_modules/react-native-vector-icons/Fonts/AntDesign.ttf",
				"${PODS_ROOT}/../../node_modules/react-native-vector-icons/Fonts/Entypo.ttf",
				"${PODS_ROOT}/../../node_modules/react-native-vector-icons/Fonts/EvilIcons.ttf",
				"${PODS_ROOT}/../../node_modules/react-native-vector-icons/Fonts/Feather.ttf",
				"${PODS_ROOT}/../../node_modules/react-native-vector-icons/Fonts/FontAwesome.ttf",
				"${PODS_ROOT}/../../node_modules/react-native-vector-icons/Fonts/FontAwesome5_Brands.ttf",
				"${PODS_ROOT}/../../node_modules/react-native-vector-icons/Fonts/FontAwesome5_Regular.ttf",
				"${PODS_ROOT}/../../node_modules/react-native-vector-icons/Fonts/FontAwesome5_Solid.ttf",
				"${PODS_ROOT}/../../node_modules/react-native-vector-icons/Fonts/Fontisto.ttf",
				"${PODS_ROOT}/../../node_modules/react-native-vector-icons/Fonts/Foundation.ttf",
				"${PODS_ROOT}/../../node_modules/react-native-vector-icons/Fonts/Ionicons.ttf",
				"${PODS_ROOT}/../../node_modules/react-native-vector-icons/Fonts/MaterialCommunityIcons.ttf",
				"${PODS_ROOT}/../../node_modules/react-native-vector-icons/Fonts/MaterialIcons.ttf",
				"${PODS_ROOT}/../../node_modules/react-native-vector-icons/Fonts/Octicons.ttf",
				"${PODS_ROOT}/../../node_modules/react-native-vector-icons/Fonts/SimpleLineIcons.ttf",
				"${PODS_ROOT}/../../node_modules/react-native-vector-icons/Fonts/Zocial.ttf",
			);
			name = "[CP] Copy Pods Resources";
			outputPaths = (
				"${TARGET_BUILD_DIR}/${UNLOCALIZED_RESOURCES_FOLDER_PATH}/AntDesign.ttf",
				"${TARGET_BUILD_DIR}/${UNLOCALIZED_RESOURCES_FOLDER_PATH}/Entypo.ttf",
				"${TARGET_BUILD_DIR}/${UNLOCALIZED_RESOURCES_FOLDER_PATH}/EvilIcons.ttf",
				"${TARGET_BUILD_DIR}/${UNLOCALIZED_RESOURCES_FOLDER_PATH}/Feather.ttf",
				"${TARGET_BUILD_DIR}/${UNLOCALIZED_RESOURCES_FOLDER_PATH}/FontAwesome.ttf",
				"${TARGET_BUILD_DIR}/${UNLOCALIZED_RESOURCES_FOLDER_PATH}/FontAwesome5_Brands.ttf",
				"${TARGET_BUILD_DIR}/${UNLOCALIZED_RESOURCES_FOLDER_PATH}/FontAwesome5_Regular.ttf",
				"${TARGET_BUILD_DIR}/${UNLOCALIZED_RESOURCES_FOLDER_PATH}/FontAwesome5_Solid.ttf",
				"${TARGET_BUILD_DIR}/${UNLOCALIZED_RESOURCES_FOLDER_PATH}/Fontisto.ttf",
				"${TARGET_BUILD_DIR}/${UNLOCALIZED_RESOURCES_FOLDER_PATH}/Foundation.ttf",
				"${TARGET_BUILD_DIR}/${UNLOCALIZED_RESOURCES_FOLDER_PATH}/Ionicons.ttf",
				"${TARGET_BUILD_DIR}/${UNLOCALIZED_RESOURCES_FOLDER_PATH}/MaterialCommunityIcons.ttf",
				"${TARGET_BUILD_DIR}/${UNLOCALIZED_RESOURCES_FOLDER_PATH}/MaterialIcons.ttf",
				"${TARGET_BUILD_DIR}/${UNLOCALIZED_RESOURCES_FOLDER_PATH}/Octicons.ttf",
				"${TARGET_BUILD_DIR}/${UNLOCALIZED_RESOURCES_FOLDER_PATH}/SimpleLineIcons.ttf",
				"${TARGET_BUILD_DIR}/${UNLOCALIZED_RESOURCES_FOLDER_PATH}/Zocial.ttf",
			);
			runOnlyForDeploymentPostprocessing = 0;
			shellPath = /bin/sh;
			shellScript = "\"${PODS_ROOT}/Target Support Files/Pods-LBShoppingApp-LBShoppingAppTests/Pods-LBShoppingApp-LBShoppingAppTests-resources.sh\"\n";
			showEnvVarsInLog = 0;
		};
		2D02E4CB1E0B4B27006451C7 /* Bundle React Native Code And Images */ = {
			isa = PBXShellScriptBuildPhase;
			buildActionMask = 2147483647;
			files = (
			);
			inputPaths = (
			);
			name = "Bundle React Native Code And Images";
			outputPaths = (
			);
			runOnlyForDeploymentPostprocessing = 0;
			shellPath = /bin/sh;
			shellScript = "export NODE_BINARY=node\n../node_modules/react-native/scripts/react-native-xcode.sh";
		};
		63F0384F1A795BFAEE112B8E /* [CP] Check Pods Manifest.lock */ = {
			isa = PBXShellScriptBuildPhase;
			buildActionMask = 2147483647;
			files = (
			);
			inputFileListPaths = (
			);
			inputPaths = (
				"${PODS_PODFILE_DIR_PATH}/Podfile.lock",
				"${PODS_ROOT}/Manifest.lock",
			);
			name = "[CP] Check Pods Manifest.lock";
			outputFileListPaths = (
			);
			outputPaths = (
				"$(DERIVED_FILE_DIR)/Pods-LBShoppingApp-tvOSTests-checkManifestLockResult.txt",
			);
			runOnlyForDeploymentPostprocessing = 0;
			shellPath = /bin/sh;
			shellScript = "diff \"${PODS_PODFILE_DIR_PATH}/Podfile.lock\" \"${PODS_ROOT}/Manifest.lock\" > /dev/null\nif [ $? != 0 ] ; then\n    # print error to STDERR\n    echo \"error: The sandbox is not in sync with the Podfile.lock. Run 'pod install' or update your CocoaPods installation.\" >&2\n    exit 1\nfi\n# This output is used by Xcode 'outputs' to avoid re-running this script phase.\necho \"SUCCESS\" > \"${SCRIPT_OUTPUT_FILE_0}\"\n";
			showEnvVarsInLog = 0;
		};
		663171ECE294130E861C8366 /* [CP] Copy Pods Resources */ = {
			isa = PBXShellScriptBuildPhase;
			buildActionMask = 2147483647;
			files = (
			);
			inputPaths = (
				"${PODS_ROOT}/Target Support Files/Pods-LBShoppingApp/Pods-LBShoppingApp-resources.sh",
				"${PODS_ROOT}/../../node_modules/react-native-vector-icons/Fonts/AntDesign.ttf",
				"${PODS_ROOT}/../../node_modules/react-native-vector-icons/Fonts/Entypo.ttf",
				"${PODS_ROOT}/../../node_modules/react-native-vector-icons/Fonts/EvilIcons.ttf",
				"${PODS_ROOT}/../../node_modules/react-native-vector-icons/Fonts/Feather.ttf",
				"${PODS_ROOT}/../../node_modules/react-native-vector-icons/Fonts/FontAwesome.ttf",
				"${PODS_ROOT}/../../node_modules/react-native-vector-icons/Fonts/FontAwesome5_Brands.ttf",
				"${PODS_ROOT}/../../node_modules/react-native-vector-icons/Fonts/FontAwesome5_Regular.ttf",
				"${PODS_ROOT}/../../node_modules/react-native-vector-icons/Fonts/FontAwesome5_Solid.ttf",
				"${PODS_ROOT}/../../node_modules/react-native-vector-icons/Fonts/Fontisto.ttf",
				"${PODS_ROOT}/../../node_modules/react-native-vector-icons/Fonts/Foundation.ttf",
				"${PODS_ROOT}/../../node_modules/react-native-vector-icons/Fonts/Ionicons.ttf",
				"${PODS_ROOT}/../../node_modules/react-native-vector-icons/Fonts/MaterialCommunityIcons.ttf",
				"${PODS_ROOT}/../../node_modules/react-native-vector-icons/Fonts/MaterialIcons.ttf",
				"${PODS_ROOT}/../../node_modules/react-native-vector-icons/Fonts/Octicons.ttf",
				"${PODS_ROOT}/../../node_modules/react-native-vector-icons/Fonts/SimpleLineIcons.ttf",
				"${PODS_ROOT}/../../node_modules/react-native-vector-icons/Fonts/Zocial.ttf",
			);
			name = "[CP] Copy Pods Resources";
			outputPaths = (
				"${TARGET_BUILD_DIR}/${UNLOCALIZED_RESOURCES_FOLDER_PATH}/AntDesign.ttf",
				"${TARGET_BUILD_DIR}/${UNLOCALIZED_RESOURCES_FOLDER_PATH}/Entypo.ttf",
				"${TARGET_BUILD_DIR}/${UNLOCALIZED_RESOURCES_FOLDER_PATH}/EvilIcons.ttf",
				"${TARGET_BUILD_DIR}/${UNLOCALIZED_RESOURCES_FOLDER_PATH}/Feather.ttf",
				"${TARGET_BUILD_DIR}/${UNLOCALIZED_RESOURCES_FOLDER_PATH}/FontAwesome.ttf",
				"${TARGET_BUILD_DIR}/${UNLOCALIZED_RESOURCES_FOLDER_PATH}/FontAwesome5_Brands.ttf",
				"${TARGET_BUILD_DIR}/${UNLOCALIZED_RESOURCES_FOLDER_PATH}/FontAwesome5_Regular.ttf",
				"${TARGET_BUILD_DIR}/${UNLOCALIZED_RESOURCES_FOLDER_PATH}/FontAwesome5_Solid.ttf",
				"${TARGET_BUILD_DIR}/${UNLOCALIZED_RESOURCES_FOLDER_PATH}/Fontisto.ttf",
				"${TARGET_BUILD_DIR}/${UNLOCALIZED_RESOURCES_FOLDER_PATH}/Foundation.ttf",
				"${TARGET_BUILD_DIR}/${UNLOCALIZED_RESOURCES_FOLDER_PATH}/Ionicons.ttf",
				"${TARGET_BUILD_DIR}/${UNLOCALIZED_RESOURCES_FOLDER_PATH}/MaterialCommunityIcons.ttf",
				"${TARGET_BUILD_DIR}/${UNLOCALIZED_RESOURCES_FOLDER_PATH}/MaterialIcons.ttf",
				"${TARGET_BUILD_DIR}/${UNLOCALIZED_RESOURCES_FOLDER_PATH}/Octicons.ttf",
				"${TARGET_BUILD_DIR}/${UNLOCALIZED_RESOURCES_FOLDER_PATH}/SimpleLineIcons.ttf",
				"${TARGET_BUILD_DIR}/${UNLOCALIZED_RESOURCES_FOLDER_PATH}/Zocial.ttf",
			);
			runOnlyForDeploymentPostprocessing = 0;
			shellPath = /bin/sh;
			shellScript = "\"${PODS_ROOT}/Target Support Files/Pods-LBShoppingApp/Pods-LBShoppingApp-resources.sh\"\n";
			showEnvVarsInLog = 0;
		};
		7141F51AFC44CAB8C86C2640 /* [CP] Check Pods Manifest.lock */ = {
			isa = PBXShellScriptBuildPhase;
			buildActionMask = 2147483647;
			files = (
			);
			inputFileListPaths = (
			);
			inputPaths = (
				"${PODS_PODFILE_DIR_PATH}/Podfile.lock",
				"${PODS_ROOT}/Manifest.lock",
			);
			name = "[CP] Check Pods Manifest.lock";
			outputFileListPaths = (
			);
			outputPaths = (
				"$(DERIVED_FILE_DIR)/Pods-LBShoppingApp-LBShoppingAppTests-checkManifestLockResult.txt",
			);
			runOnlyForDeploymentPostprocessing = 0;
			shellPath = /bin/sh;
			shellScript = "diff \"${PODS_PODFILE_DIR_PATH}/Podfile.lock\" \"${PODS_ROOT}/Manifest.lock\" > /dev/null\nif [ $? != 0 ] ; then\n    # print error to STDERR\n    echo \"error: The sandbox is not in sync with the Podfile.lock. Run 'pod install' or update your CocoaPods installation.\" >&2\n    exit 1\nfi\n# This output is used by Xcode 'outputs' to avoid re-running this script phase.\necho \"SUCCESS\" > \"${SCRIPT_OUTPUT_FILE_0}\"\n";
			showEnvVarsInLog = 0;
		};
		C52E57C802E2E261FC7ACA01 /* [CP] Check Pods Manifest.lock */ = {
			isa = PBXShellScriptBuildPhase;
			buildActionMask = 2147483647;
			files = (
			);
			inputFileListPaths = (
			);
			inputPaths = (
				"${PODS_PODFILE_DIR_PATH}/Podfile.lock",
				"${PODS_ROOT}/Manifest.lock",
			);
			name = "[CP] Check Pods Manifest.lock";
			outputFileListPaths = (
			);
			outputPaths = (
				"$(DERIVED_FILE_DIR)/Pods-LBShoppingApp-tvOS-checkManifestLockResult.txt",
			);
			runOnlyForDeploymentPostprocessing = 0;
			shellPath = /bin/sh;
			shellScript = "diff \"${PODS_PODFILE_DIR_PATH}/Podfile.lock\" \"${PODS_ROOT}/Manifest.lock\" > /dev/null\nif [ $? != 0 ] ; then\n    # print error to STDERR\n    echo \"error: The sandbox is not in sync with the Podfile.lock. Run 'pod install' or update your CocoaPods installation.\" >&2\n    exit 1\nfi\n# This output is used by Xcode 'outputs' to avoid re-running this script phase.\necho \"SUCCESS\" > \"${SCRIPT_OUTPUT_FILE_0}\"\n";
			showEnvVarsInLog = 0;
		};
		FD10A7F022414F080027D42C /* Start Packager */ = {
			isa = PBXShellScriptBuildPhase;
			buildActionMask = 2147483647;
			files = (
			);
			inputFileListPaths = (
			);
			inputPaths = (
			);
			name = "Start Packager";
			outputFileListPaths = (
			);
			outputPaths = (
			);
			runOnlyForDeploymentPostprocessing = 0;
			shellPath = /bin/sh;
			shellScript = "export RCT_METRO_PORT=\"${RCT_METRO_PORT:=8081}\"\necho \"export RCT_METRO_PORT=${RCT_METRO_PORT}\" > \"${SRCROOT}/../node_modules/react-native/scripts/.packager.env\"\nif [ -z \"${RCT_NO_LAUNCH_PACKAGER+xxx}\" ] ; then\n  if nc -w 5 -z localhost ${RCT_METRO_PORT} ; then\n    if ! curl -s \"http://localhost:${RCT_METRO_PORT}/status\" | grep -q \"packager-status:running\" ; then\n      echo \"Port ${RCT_METRO_PORT} already in use, packager is either not running or not running correctly\"\n      exit 2\n    fi\n  else\n    open \"$SRCROOT/../node_modules/react-native/scripts/launchPackager.command\" || echo \"Can't start packager automatically\"\n  fi\nfi\n";
			showEnvVarsInLog = 0;
		};
		FD10A7F122414F3F0027D42C /* Start Packager */ = {
			isa = PBXShellScriptBuildPhase;
			buildActionMask = 2147483647;
			files = (
			);
			inputFileListPaths = (
			);
			inputPaths = (
			);
			name = "Start Packager";
			outputFileListPaths = (
			);
			outputPaths = (
			);
			runOnlyForDeploymentPostprocessing = 0;
			shellPath = /bin/sh;
			shellScript = "export RCT_METRO_PORT=\"${RCT_METRO_PORT:=8081}\"\necho \"export RCT_METRO_PORT=${RCT_METRO_PORT}\" > \"${SRCROOT}/../node_modules/react-native/scripts/.packager.env\"\nif [ -z \"${RCT_NO_LAUNCH_PACKAGER+xxx}\" ] ; then\n  if nc -w 5 -z localhost ${RCT_METRO_PORT} ; then\n    if ! curl -s \"http://localhost:${RCT_METRO_PORT}/status\" | grep -q \"packager-status:running\" ; then\n      echo \"Port ${RCT_METRO_PORT} already in use, packager is either not running or not running correctly\"\n      exit 2\n    fi\n  else\n    open \"$SRCROOT/../node_modules/react-native/scripts/launchPackager.command\" || echo \"Can't start packager automatically\"\n  fi\nfi\n";
			showEnvVarsInLog = 0;
		};
/* End PBXShellScriptBuildPhase section */

/* Begin PBXSourcesBuildPhase section */
		00E356EA1AD99517003FC87E /* Sources */ = {
			isa = PBXSourcesBuildPhase;
			buildActionMask = 2147483647;
			files = (
				00E356F31AD99517003FC87E /* LBShoppingAppTests.m in Sources */,
			);
			runOnlyForDeploymentPostprocessing = 0;
		};
		13B07F871A680F5B00A75B9A /* Sources */ = {
			isa = PBXSourcesBuildPhase;
			buildActionMask = 2147483647;
			files = (
				13B07FBC1A68108700A75B9A /* AppDelegate.m in Sources */,
				13B07FC11A68108700A75B9A /* main.m in Sources */,
			);
			runOnlyForDeploymentPostprocessing = 0;
		};
		2D02E4771E0B4A5D006451C7 /* Sources */ = {
			isa = PBXSourcesBuildPhase;
			buildActionMask = 2147483647;
			files = (
				2D02E4BF1E0B4AB3006451C7 /* main.m in Sources */,
				2D02E4BC1E0B4A80006451C7 /* AppDelegate.m in Sources */,
			);
			runOnlyForDeploymentPostprocessing = 0;
		};
		2D02E48C1E0B4A5D006451C7 /* Sources */ = {
			isa = PBXSourcesBuildPhase;
			buildActionMask = 2147483647;
			files = (
				2DCD954D1E0B4F2C00145EB5 /* LBShoppingAppTests.m in Sources */,
			);
			runOnlyForDeploymentPostprocessing = 0;
		};
/* End PBXSourcesBuildPhase section */

/* Begin PBXTargetDependency section */
		00E356F51AD99517003FC87E /* PBXTargetDependency */ = {
			isa = PBXTargetDependency;
			target = 13B07F861A680F5B00A75B9A /* LBShoppingApp */;
			targetProxy = 00E356F41AD99517003FC87E /* PBXContainerItemProxy */;
		};
		2D02E4921E0B4A5D006451C7 /* PBXTargetDependency */ = {
			isa = PBXTargetDependency;
			target = 2D02E47A1E0B4A5D006451C7 /* LBShoppingApp-tvOS */;
			targetProxy = 2D02E4911E0B4A5D006451C7 /* PBXContainerItemProxy */;
		};
/* End PBXTargetDependency section */

/* Begin PBXVariantGroup section */
		13B07FB11A68108700A75B9A /* LaunchScreen.xib */ = {
			isa = PBXVariantGroup;
			children = (
				13B07FB21A68108700A75B9A /* Base */,
			);
			name = LaunchScreen.xib;
			path = LBShoppingApp;
			sourceTree = "<group>";
		};
/* End PBXVariantGroup section */

/* Begin XCBuildConfiguration section */
		00E356F61AD99517003FC87E /* Debug */ = {
			isa = XCBuildConfiguration;
			baseConfigurationReference = 92D0391B8556CE8AAFD31660 /* Pods-LBShoppingApp-LBShoppingAppTests.debug.xcconfig */;
			buildSettings = {
				BUNDLE_LOADER = "$(TEST_HOST)";
				GCC_PREPROCESSOR_DEFINITIONS = (
					"DEBUG=1",
					"$(inherited)",
				);
				INFOPLIST_FILE = LBShoppingAppTests/Info.plist;
				IPHONEOS_DEPLOYMENT_TARGET = 9.0;
				LD_RUNPATH_SEARCH_PATHS = "$(inherited) @executable_path/Frameworks @loader_path/Frameworks";
				OTHER_LDFLAGS = (
					"-ObjC",
					"-lc++",
					"$(inherited)",
				);
				PRODUCT_BUNDLE_IDENTIFIER = "org.reactjs.native.example.$(PRODUCT_NAME:rfc1034identifier)";
				PRODUCT_NAME = "$(TARGET_NAME)";
				TEST_HOST = "$(BUILT_PRODUCTS_DIR)/LBShoppingApp.app/LBShoppingApp";
			};
			name = Debug;
		};
		00E356F71AD99517003FC87E /* Release */ = {
			isa = XCBuildConfiguration;
			baseConfigurationReference = 12C08B6199D1E73ACF2471E1 /* Pods-LBShoppingApp-LBShoppingAppTests.release.xcconfig */;
			buildSettings = {
				BUNDLE_LOADER = "$(TEST_HOST)";
				COPY_PHASE_STRIP = NO;
				INFOPLIST_FILE = LBShoppingAppTests/Info.plist;
				IPHONEOS_DEPLOYMENT_TARGET = 9.0;
				LD_RUNPATH_SEARCH_PATHS = "$(inherited) @executable_path/Frameworks @loader_path/Frameworks";
				OTHER_LDFLAGS = (
					"-ObjC",
					"-lc++",
					"$(inherited)",
				);
				PRODUCT_BUNDLE_IDENTIFIER = "org.reactjs.native.example.$(PRODUCT_NAME:rfc1034identifier)";
				PRODUCT_NAME = "$(TARGET_NAME)";
				TEST_HOST = "$(BUILT_PRODUCTS_DIR)/LBShoppingApp.app/LBShoppingApp";
			};
			name = Release;
		};
		13B07F941A680F5B00A75B9A /* Debug */ = {
			isa = XCBuildConfiguration;
			baseConfigurationReference = 4E4E2CA2859BAAFB3CFE389D /* Pods-LBShoppingApp.debug.xcconfig */;
			buildSettings = {
				ASSETCATALOG_COMPILER_APPICON_NAME = AppIcon;
				CLANG_ENABLE_MODULES = YES;
				CURRENT_PROJECT_VERSION = 1;
				ENABLE_BITCODE = NO;
				GCC_PREPROCESSOR_DEFINITIONS = (
					"$(inherited)",
					"FB_SONARKIT_ENABLED=1",
				);
				INFOPLIST_FILE = LBShoppingApp/Info.plist;
				LD_RUNPATH_SEARCH_PATHS = "$(inherited) @executable_path/Frameworks";
				OTHER_LDFLAGS = (
					"$(inherited)",
					"-ObjC",
					"-lc++",
				);
				PRODUCT_BUNDLE_IDENTIFIER = "org.reactjs.native.example.$(PRODUCT_NAME:rfc1034identifier)";
				PRODUCT_NAME = LBShoppingApp;
				SWIFT_OPTIMIZATION_LEVEL = "-Onone";
				SWIFT_VERSION = 5.0;
				VERSIONING_SYSTEM = "apple-generic";
			};
			name = Debug;
		};
		13B07F951A680F5B00A75B9A /* Release */ = {
			isa = XCBuildConfiguration;
			baseConfigurationReference = 356EBB2750F56D57F85DFFA7 /* Pods-LBShoppingApp.release.xcconfig */;
			buildSettings = {
				ASSETCATALOG_COMPILER_APPICON_NAME = AppIcon;
				CLANG_ENABLE_MODULES = YES;
				CURRENT_PROJECT_VERSION = 1;
				INFOPLIST_FILE = LBShoppingApp/Info.plist;
				LD_RUNPATH_SEARCH_PATHS = "$(inherited) @executable_path/Frameworks";
				OTHER_LDFLAGS = (
					"$(inherited)",
					"-ObjC",
					"-lc++",
				);
				PRODUCT_BUNDLE_IDENTIFIER = "org.reactjs.native.example.$(PRODUCT_NAME:rfc1034identifier)";
				PRODUCT_NAME = LBShoppingApp;
				SWIFT_VERSION = 5.0;
				VERSIONING_SYSTEM = "apple-generic";
			};
			name = Release;
		};
		2D02E4971E0B4A5E006451C7 /* Debug */ = {
			isa = XCBuildConfiguration;
			baseConfigurationReference = 596D5E64ACBBBFF489793F84 /* Pods-LBShoppingApp-tvOS.debug.xcconfig */;
			buildSettings = {
				ASSETCATALOG_COMPILER_APPICON_NAME = "App Icon & Top Shelf Image";
				ASSETCATALOG_COMPILER_LAUNCHIMAGE_NAME = LaunchImage;
				CLANG_ANALYZER_NONNULL = YES;
				CLANG_WARN_DOCUMENTATION_COMMENTS = YES;
				CLANG_WARN_INFINITE_RECURSION = YES;
				CLANG_WARN_SUSPICIOUS_MOVE = YES;
				DEBUG_INFORMATION_FORMAT = dwarf;
				ENABLE_TESTABILITY = YES;
				GCC_NO_COMMON_BLOCKS = YES;
				INFOPLIST_FILE = "LBShoppingApp-tvOS/Info.plist";
				LD_RUNPATH_SEARCH_PATHS = "$(inherited) @executable_path/Frameworks";
				OTHER_LDFLAGS = (
					"$(inherited)",
					"-ObjC",
					"-lc++",
				);
				PRODUCT_BUNDLE_IDENTIFIER = "org.reactjs.native.example.LBShoppingApp-tvOS";
				PRODUCT_NAME = "$(TARGET_NAME)";
				SDKROOT = appletvos;
				TARGETED_DEVICE_FAMILY = 3;
				TVOS_DEPLOYMENT_TARGET = 9.2;
			};
			name = Debug;
		};
		2D02E4981E0B4A5E006451C7 /* Release */ = {
			isa = XCBuildConfiguration;
			baseConfigurationReference = 1FB52DDDF15F6AD327CD20E0 /* Pods-LBShoppingApp-tvOS.release.xcconfig */;
			buildSettings = {
				ASSETCATALOG_COMPILER_APPICON_NAME = "App Icon & Top Shelf Image";
				ASSETCATALOG_COMPILER_LAUNCHIMAGE_NAME = LaunchImage;
				CLANG_ANALYZER_NONNULL = YES;
				CLANG_WARN_DOCUMENTATION_COMMENTS = YES;
				CLANG_WARN_INFINITE_RECURSION = YES;
				CLANG_WARN_SUSPICIOUS_MOVE = YES;
				COPY_PHASE_STRIP = NO;
				DEBUG_INFORMATION_FORMAT = "dwarf-with-dsym";
				GCC_NO_COMMON_BLOCKS = YES;
				INFOPLIST_FILE = "LBShoppingApp-tvOS/Info.plist";
				LD_RUNPATH_SEARCH_PATHS = "$(inherited) @executable_path/Frameworks";
				OTHER_LDFLAGS = (
					"$(inherited)",
					"-ObjC",
					"-lc++",
				);
				PRODUCT_BUNDLE_IDENTIFIER = "org.reactjs.native.example.LBShoppingApp-tvOS";
				PRODUCT_NAME = "$(TARGET_NAME)";
				SDKROOT = appletvos;
				TARGETED_DEVICE_FAMILY = 3;
				TVOS_DEPLOYMENT_TARGET = 9.2;
			};
			name = Release;
		};
		2D02E4991E0B4A5E006451C7 /* Debug */ = {
			isa = XCBuildConfiguration;
			baseConfigurationReference = 0050920CCB743D8325288C22 /* Pods-LBShoppingApp-tvOSTests.debug.xcconfig */;
			buildSettings = {
				BUNDLE_LOADER = "$(TEST_HOST)";
				CLANG_ANALYZER_NONNULL = YES;
				CLANG_WARN_DOCUMENTATION_COMMENTS = YES;
				CLANG_WARN_INFINITE_RECURSION = YES;
				CLANG_WARN_SUSPICIOUS_MOVE = YES;
				DEBUG_INFORMATION_FORMAT = dwarf;
				ENABLE_TESTABILITY = YES;
				GCC_NO_COMMON_BLOCKS = YES;
				INFOPLIST_FILE = "LBShoppingApp-tvOSTests/Info.plist";
				LD_RUNPATH_SEARCH_PATHS = "$(inherited) @executable_path/Frameworks @loader_path/Frameworks";
				OTHER_LDFLAGS = (
					"$(inherited)",
					"-ObjC",
					"-lc++",
				);
				PRODUCT_BUNDLE_IDENTIFIER = "org.reactjs.native.example.LBShoppingApp-tvOSTests";
				PRODUCT_NAME = "$(TARGET_NAME)";
				SDKROOT = appletvos;
				TEST_HOST = "$(BUILT_PRODUCTS_DIR)/LBShoppingApp-tvOS.app/LBShoppingApp-tvOS";
				TVOS_DEPLOYMENT_TARGET = 10.1;
			};
			name = Debug;
		};
		2D02E49A1E0B4A5E006451C7 /* Release */ = {
			isa = XCBuildConfiguration;
			baseConfigurationReference = 33DD7C04318DCF42941096DE /* Pods-LBShoppingApp-tvOSTests.release.xcconfig */;
			buildSettings = {
				BUNDLE_LOADER = "$(TEST_HOST)";
				CLANG_ANALYZER_NONNULL = YES;
				CLANG_WARN_DOCUMENTATION_COMMENTS = YES;
				CLANG_WARN_INFINITE_RECURSION = YES;
				CLANG_WARN_SUSPICIOUS_MOVE = YES;
				COPY_PHASE_STRIP = NO;
				DEBUG_INFORMATION_FORMAT = "dwarf-with-dsym";
				GCC_NO_COMMON_BLOCKS = YES;
				INFOPLIST_FILE = "LBShoppingApp-tvOSTests/Info.plist";
				LD_RUNPATH_SEARCH_PATHS = "$(inherited) @executable_path/Frameworks @loader_path/Frameworks";
				OTHER_LDFLAGS = (
					"$(inherited)",
					"-ObjC",
					"-lc++",
				);
				PRODUCT_BUNDLE_IDENTIFIER = "org.reactjs.native.example.LBShoppingApp-tvOSTests";
				PRODUCT_NAME = "$(TARGET_NAME)";
				SDKROOT = appletvos;
				TEST_HOST = "$(BUILT_PRODUCTS_DIR)/LBShoppingApp-tvOS.app/LBShoppingApp-tvOS";
				TVOS_DEPLOYMENT_TARGET = 10.1;
			};
			name = Release;
		};
		83CBBA201A601CBA00E9B192 /* Debug */ = {
			isa = XCBuildConfiguration;
			buildSettings = {
				ALWAYS_SEARCH_USER_PATHS = NO;
				CLANG_ANALYZER_LOCALIZABILITY_NONLOCALIZED = YES;
				CLANG_CXX_LANGUAGE_STANDARD = "gnu++0x";
				CLANG_CXX_LIBRARY = "libc++";
				CLANG_ENABLE_MODULES = YES;
				CLANG_ENABLE_OBJC_ARC = YES;
				CLANG_WARN_BLOCK_CAPTURE_AUTORELEASING = YES;
				CLANG_WARN_BOOL_CONVERSION = YES;
				CLANG_WARN_COMMA = YES;
				CLANG_WARN_CONSTANT_CONVERSION = YES;
				CLANG_WARN_DEPRECATED_OBJC_IMPLEMENTATIONS = YES;
				CLANG_WARN_DIRECT_OBJC_ISA_USAGE = YES_ERROR;
				CLANG_WARN_EMPTY_BODY = YES;
				CLANG_WARN_ENUM_CONVERSION = YES;
				CLANG_WARN_INFINITE_RECURSION = YES;
				CLANG_WARN_INT_CONVERSION = YES;
				CLANG_WARN_NON_LITERAL_NULL_CONVERSION = YES;
				CLANG_WARN_OBJC_IMPLICIT_RETAIN_SELF = YES;
				CLANG_WARN_OBJC_LITERAL_CONVERSION = YES;
				CLANG_WARN_OBJC_ROOT_CLASS = YES_ERROR;
				CLANG_WARN_RANGE_LOOP_ANALYSIS = YES;
				CLANG_WARN_STRICT_PROTOTYPES = YES;
				CLANG_WARN_SUSPICIOUS_MOVE = YES;
				CLANG_WARN_UNREACHABLE_CODE = YES;
				CLANG_WARN__DUPLICATE_METHOD_MATCH = YES;
				"CODE_SIGN_IDENTITY[sdk=iphoneos*]" = "iPhone Developer";
				COPY_PHASE_STRIP = NO;
				ENABLE_STRICT_OBJC_MSGSEND = YES;
				ENABLE_TESTABILITY = YES;
				GCC_C_LANGUAGE_STANDARD = gnu99;
				GCC_DYNAMIC_NO_PIC = NO;
				GCC_NO_COMMON_BLOCKS = YES;
				GCC_OPTIMIZATION_LEVEL = 0;
				GCC_PREPROCESSOR_DEFINITIONS = (
					"DEBUG=1",
					"$(inherited)",
				);
				GCC_SYMBOLS_PRIVATE_EXTERN = NO;
				GCC_WARN_64_TO_32_BIT_CONVERSION = YES;
				GCC_WARN_ABOUT_RETURN_TYPE = YES_ERROR;
				GCC_WARN_UNDECLARED_SELECTOR = YES;
				GCC_WARN_UNINITIALIZED_AUTOS = YES_AGGRESSIVE;
				GCC_WARN_UNUSED_FUNCTION = YES;
				GCC_WARN_UNUSED_VARIABLE = YES;
				IPHONEOS_DEPLOYMENT_TARGET = 9.0;
				LD_RUNPATH_SEARCH_PATHS = "/usr/lib/swift $(inherited)";
				LIBRARY_SEARCH_PATHS = (
					"\"$(TOOLCHAIN_DIR)/usr/lib/swift/$(PLATFORM_NAME)\"",
					"\"$(TOOLCHAIN_DIR)/usr/lib/swift-5.0/$(PLATFORM_NAME)\"",
					"\"$(inherited)\"",
				);
				MTL_ENABLE_DEBUG_INFO = YES;
				ONLY_ACTIVE_ARCH = YES;
				SDKROOT = iphoneos;
			};
			name = Debug;
		};
		83CBBA211A601CBA00E9B192 /* Release */ = {
			isa = XCBuildConfiguration;
			buildSettings = {
				ALWAYS_SEARCH_USER_PATHS = NO;
				CLANG_ANALYZER_LOCALIZABILITY_NONLOCALIZED = YES;
				CLANG_CXX_LANGUAGE_STANDARD = "gnu++0x";
				CLANG_CXX_LIBRARY = "libc++";
				CLANG_ENABLE_MODULES = YES;
				CLANG_ENABLE_OBJC_ARC = YES;
				CLANG_WARN_BLOCK_CAPTURE_AUTORELEASING = YES;
				CLANG_WARN_BOOL_CONVERSION = YES;
				CLANG_WARN_COMMA = YES;
				CLANG_WARN_CONSTANT_CONVERSION = YES;
				CLANG_WARN_DEPRECATED_OBJC_IMPLEMENTATIONS = YES;
				CLANG_WARN_DIRECT_OBJC_ISA_USAGE = YES_ERROR;
				CLANG_WARN_EMPTY_BODY = YES;
				CLANG_WARN_ENUM_CONVERSION = YES;
				CLANG_WARN_INFINITE_RECURSION = YES;
				CLANG_WARN_INT_CONVERSION = YES;
				CLANG_WARN_NON_LITERAL_NULL_CONVERSION = YES;
				CLANG_WARN_OBJC_IMPLICIT_RETAIN_SELF = YES;
				CLANG_WARN_OBJC_LITERAL_CONVERSION = YES;
				CLANG_WARN_OBJC_ROOT_CLASS = YES_ERROR;
				CLANG_WARN_RANGE_LOOP_ANALYSIS = YES;
				CLANG_WARN_STRICT_PROTOTYPES = YES;
				CLANG_WARN_SUSPICIOUS_MOVE = YES;
				CLANG_WARN_UNREACHABLE_CODE = YES;
				CLANG_WARN__DUPLICATE_METHOD_MATCH = YES;
				"CODE_SIGN_IDENTITY[sdk=iphoneos*]" = "iPhone Developer";
				COPY_PHASE_STRIP = YES;
				ENABLE_NS_ASSERTIONS = NO;
				ENABLE_STRICT_OBJC_MSGSEND = YES;
				GCC_C_LANGUAGE_STANDARD = gnu99;
				GCC_NO_COMMON_BLOCKS = YES;
				GCC_WARN_64_TO_32_BIT_CONVERSION = YES;
				GCC_WARN_ABOUT_RETURN_TYPE = YES_ERROR;
				GCC_WARN_UNDECLARED_SELECTOR = YES;
				GCC_WARN_UNINITIALIZED_AUTOS = YES_AGGRESSIVE;
				GCC_WARN_UNUSED_FUNCTION = YES;
				GCC_WARN_UNUSED_VARIABLE = YES;
				IPHONEOS_DEPLOYMENT_TARGET = 9.0;
				LD_RUNPATH_SEARCH_PATHS = "/usr/lib/swift $(inherited)";
				LIBRARY_SEARCH_PATHS = (
					"\"$(TOOLCHAIN_DIR)/usr/lib/swift/$(PLATFORM_NAME)\"",
					"\"$(TOOLCHAIN_DIR)/usr/lib/swift-5.0/$(PLATFORM_NAME)\"",
					"\"$(inherited)\"",
				);
				MTL_ENABLE_DEBUG_INFO = NO;
				SDKROOT = iphoneos;
				VALIDATE_PRODUCT = YES;
			};
			name = Release;
		};
/* End XCBuildConfiguration section */

/* Begin XCConfigurationList section */
		00E357021AD99517003FC87E /* Build configuration list for PBXNativeTarget "LBShoppingAppTests" */ = {
			isa = XCConfigurationList;
			buildConfigurations = (
				00E356F61AD99517003FC87E /* Debug */,
				00E356F71AD99517003FC87E /* Release */,
			);
			defaultConfigurationIsVisible = 0;
			defaultConfigurationName = Release;
		};
		13B07F931A680F5B00A75B9A /* Build configuration list for PBXNativeTarget "LBShoppingApp" */ = {
			isa = XCConfigurationList;
			buildConfigurations = (
				13B07F941A680F5B00A75B9A /* Debug */,
				13B07F951A680F5B00A75B9A /* Release */,
			);
			defaultConfigurationIsVisible = 0;
			defaultConfigurationName = Release;
		};
		2D02E4BA1E0B4A5E006451C7 /* Build configuration list for PBXNativeTarget "LBShoppingApp-tvOS" */ = {
			isa = XCConfigurationList;
			buildConfigurations = (
				2D02E4971E0B4A5E006451C7 /* Debug */,
				2D02E4981E0B4A5E006451C7 /* Release */,
			);
			defaultConfigurationIsVisible = 0;
			defaultConfigurationName = Release;
		};
		2D02E4BB1E0B4A5E006451C7 /* Build configuration list for PBXNativeTarget "LBShoppingApp-tvOSTests" */ = {
			isa = XCConfigurationList;
			buildConfigurations = (
				2D02E4991E0B4A5E006451C7 /* Debug */,
				2D02E49A1E0B4A5E006451C7 /* Release */,
			);
			defaultConfigurationIsVisible = 0;
			defaultConfigurationName = Release;
		};
		83CBB9FA1A601CBA00E9B192 /* Build configuration list for PBXProject "LBShoppingApp" */ = {
			isa = XCConfigurationList;
			buildConfigurations = (
				83CBBA201A601CBA00E9B192 /* Debug */,
				83CBBA211A601CBA00E9B192 /* Release */,
			);
			defaultConfigurationIsVisible = 0;
			defaultConfigurationName = Release;
		};
/* End XCConfigurationList section */
	};
	rootObject = 83CBB9F71A601CBA00E9B192 /* Project object */;
}
